// !$*UTF8*$!
{
	archiveVersion = 1;
	classes = {
	};
	objectVersion = 51;
	objects = {

/* Begin PBXBuildFile section */
		10173FA2267310920000DAFB /* SelectionPresenter.swift in Sources */ = {isa = PBXBuildFile; fileRef = 10173FA1267310920000DAFB /* SelectionPresenter.swift */; };
		10173FA4267311FA0000DAFB /* UIGroupEntity.swift in Sources */ = {isa = PBXBuildFile; fileRef = 10173FA3267311FA0000DAFB /* UIGroupEntity.swift */; };
		10173FA726731C7C0000DAFB /* ApiClient.swift in Sources */ = {isa = PBXBuildFile; fileRef = 10173FA626731C7C0000DAFB /* ApiClient.swift */; };
		10173FA926731C9C0000DAFB /* RequestCaller.swift in Sources */ = {isa = PBXBuildFile; fileRef = 10173FA826731C9C0000DAFB /* RequestCaller.swift */; };
		10173FAB26731CD10000DAFB /* RawResponse.swift in Sources */ = {isa = PBXBuildFile; fileRef = 10173FAA26731CD10000DAFB /* RawResponse.swift */; };
		10173FAD26731D550000DAFB /* CustomUserDefaults.swift in Sources */ = {isa = PBXBuildFile; fileRef = 10173FAC26731D550000DAFB /* CustomUserDefaults.swift */; };
		10173FAF26731E920000DAFB /* RequestModel.swift in Sources */ = {isa = PBXBuildFile; fileRef = 10173FAE26731E920000DAFB /* RequestModel.swift */; };
		10173FB126731ECB0000DAFB /* UserApiClient.swift in Sources */ = {isa = PBXBuildFile; fileRef = 10173FB026731ECB0000DAFB /* UserApiClient.swift */; };
		10173FB426731F780000DAFB /* CustomRemoteEntity.swift in Sources */ = {isa = PBXBuildFile; fileRef = 10173FB326731F780000DAFB /* CustomRemoteEntity.swift */; };
		10173FB626731F890000DAFB /* RemoteErrorEntity.swift in Sources */ = {isa = PBXBuildFile; fileRef = 10173FB526731F890000DAFB /* RemoteErrorEntity.swift */; };
		10173FB826731FD80000DAFB /* RemoteUserEntity.swift in Sources */ = {isa = PBXBuildFile; fileRef = 10173FB726731FD80000DAFB /* RemoteUserEntity.swift */; };
		101A34552677A3D300C396C0 /* HomeViewController.swift in Sources */ = {isa = PBXBuildFile; fileRef = 101A34532677A3D300C396C0 /* HomeViewController.swift */; };
		101A34562677A3D300C396C0 /* HomeViewController.xib in Resources */ = {isa = PBXBuildFile; fileRef = 101A34542677A3D300C396C0 /* HomeViewController.xib */; };
		101A34592677AE6100C396C0 /* ParamsLoginEntity.swift in Sources */ = {isa = PBXBuildFile; fileRef = 101A34582677AE6100C396C0 /* ParamsLoginEntity.swift */; };
		101A345B2677AF3200C396C0 /* LoginPresenter.swift in Sources */ = {isa = PBXBuildFile; fileRef = 101A345A2677AF3200C396C0 /* LoginPresenter.swift */; };
		101A345F2677AF9F00C396C0 /* BaseUseCase.swift in Sources */ = {isa = PBXBuildFile; fileRef = 101A345E2677AF9F00C396C0 /* BaseUseCase.swift */; };
		101A34612677AFFE00C396C0 /* PhoneLoginUseCase.swift in Sources */ = {isa = PBXBuildFile; fileRef = 101A34602677AFFE00C396C0 /* PhoneLoginUseCase.swift */; };
		103AF918266D1AD9009C561B /* Colors.xcassets in Resources */ = {isa = PBXBuildFile; fileRef = 103AF917266D1AD9009C561B /* Colors.xcassets */; };
		103AF91C266D1FDF009C561B /* LoginViewController.swift in Sources */ = {isa = PBXBuildFile; fileRef = 103AF91A266D1FDF009C561B /* LoginViewController.swift */; };
		103AF91D266D1FDF009C561B /* LoginViewController.xib in Resources */ = {isa = PBXBuildFile; fileRef = 103AF91B266D1FDF009C561B /* LoginViewController.xib */; };
		103AF920266D2071009C561B /* InputFieldView.swift in Sources */ = {isa = PBXBuildFile; fileRef = 103AF91F266D2071009C561B /* InputFieldView.swift */; };
		103AF922266D208E009C561B /* InputFieldView.xib in Resources */ = {isa = PBXBuildFile; fileRef = 103AF921266D208E009C561B /* InputFieldView.xib */; };
		103AF924266D20FE009C561B /* UIExtension.swift in Sources */ = {isa = PBXBuildFile; fileRef = 103AF923266D20FE009C561B /* UIExtension.swift */; };
		103AF926266D2128009C561B /* TapGestureRecognizer.swift in Sources */ = {isa = PBXBuildFile; fileRef = 103AF925266D2128009C561B /* TapGestureRecognizer.swift */; };
		103AF92A266D3305009C561B /* OTPViewController.swift in Sources */ = {isa = PBXBuildFile; fileRef = 103AF928266D3305009C561B /* OTPViewController.swift */; };
		103AF92B266D3305009C561B /* OTPViewController.xib in Resources */ = {isa = PBXBuildFile; fileRef = 103AF929266D3305009C561B /* OTPViewController.xib */; };
		103AF92D266D33D6009C561B /* SingleInputFieldView.swift in Sources */ = {isa = PBXBuildFile; fileRef = 103AF92C266D33D6009C561B /* SingleInputFieldView.swift */; };
		103AF92F266D33E7009C561B /* SingleInputFieldView.xib in Resources */ = {isa = PBXBuildFile; fileRef = 103AF92E266D33E7009C561B /* SingleInputFieldView.xib */; };
		10A56AD6266E35F40019516A /* DashboardViewController.swift in Sources */ = {isa = PBXBuildFile; fileRef = 10A56AD4266E35F40019516A /* DashboardViewController.swift */; };
		10A56AD7266E35F40019516A /* DashboardViewController.xib in Resources */ = {isa = PBXBuildFile; fileRef = 10A56AD5266E35F40019516A /* DashboardViewController.xib */; };
		10FAC8D4267261FE00538D6C /* SelectSkillViewController.swift in Sources */ = {isa = PBXBuildFile; fileRef = 10FAC8D2267261FE00538D6C /* SelectSkillViewController.swift */; };
		10FAC8D5267261FE00538D6C /* SelectSkillViewController.xib in Resources */ = {isa = PBXBuildFile; fileRef = 10FAC8D3267261FE00538D6C /* SelectSkillViewController.xib */; };
		10FAC8D9267264E000538D6C /* SelectionTableViewCell.swift in Sources */ = {isa = PBXBuildFile; fileRef = 10FAC8D7267264E000538D6C /* SelectionTableViewCell.swift */; };
		10FAC8DA267264E000538D6C /* SelectionTableViewCell.xib in Resources */ = {isa = PBXBuildFile; fileRef = 10FAC8D8267264E000538D6C /* SelectionTableViewCell.xib */; };
		10FAC8DD267264ED00538D6C /* TitleTableViewCell.swift in Sources */ = {isa = PBXBuildFile; fileRef = 10FAC8DB267264ED00538D6C /* TitleTableViewCell.swift */; };
		10FAC8DE267264ED00538D6C /* TitleTableViewCell.xib in Resources */ = {isa = PBXBuildFile; fileRef = 10FAC8DC267264ED00538D6C /* TitleTableViewCell.xib */; };
		10FAC8E0267265D300538D6C /* UIPickerEntity.swift in Sources */ = {isa = PBXBuildFile; fileRef = 10FAC8DF267265D300538D6C /* UIPickerEntity.swift */; };
		10FAC8E22672672300538D6C /* SelectSkillPresenter.swift in Sources */ = {isa = PBXBuildFile; fileRef = 10FAC8E12672672300538D6C /* SelectSkillPresenter.swift */; };
		10FAC8E62672723800538D6C /* CoverageViewController.swift in Sources */ = {isa = PBXBuildFile; fileRef = 10FAC8E42672723800538D6C /* CoverageViewController.swift */; };
		10FAC8E72672723800538D6C /* CoverageViewController.xib in Resources */ = {isa = PBXBuildFile; fileRef = 10FAC8E52672723800538D6C /* CoverageViewController.xib */; };
		10FAC8EB2672740100538D6C /* SelectionViewController.swift in Sources */ = {isa = PBXBuildFile; fileRef = 10FAC8E92672740100538D6C /* SelectionViewController.swift */; };
		10FAC8EC2672740100538D6C /* SelectionViewController.xib in Resources */ = {isa = PBXBuildFile; fileRef = 10FAC8EA2672740100538D6C /* SelectionViewController.xib */; };
		10FAC8F02672759100538D6C /* SearchTableViewCell.swift in Sources */ = {isa = PBXBuildFile; fileRef = 10FAC8EE2672759100538D6C /* SearchTableViewCell.swift */; };
		10FAC8F12672759100538D6C /* SearchTableViewCell.xib in Resources */ = {isa = PBXBuildFile; fileRef = 10FAC8EF2672759100538D6C /* SearchTableViewCell.xib */; };
		10FAF116266A8AD0002640BE /* OnBoardingViewController.swift in Sources */ = {isa = PBXBuildFile; fileRef = 10FAF114266A8AD0002640BE /* OnBoardingViewController.swift */; };
		10FAF117266A8AD0002640BE /* OnBoardingViewController.xib in Resources */ = {isa = PBXBuildFile; fileRef = 10FAF115266A8AD0002640BE /* OnBoardingViewController.xib */; };
		10FAF11F266A8C38002640BE /* UISliderEntity.swift in Sources */ = {isa = PBXBuildFile; fileRef = 10FAF11E266A8C38002640BE /* UISliderEntity.swift */; };
		10FAF122266A8EE4002640BE /* SliderContentCollectionViewCell.swift in Sources */ = {isa = PBXBuildFile; fileRef = 10FAF120266A8EE4002640BE /* SliderContentCollectionViewCell.swift */; };
		10FAF123266A8EE4002640BE /* SliderContentCollectionViewCell.xib in Resources */ = {isa = PBXBuildFile; fileRef = 10FAF121266A8EE4002640BE /* SliderContentCollectionViewCell.xib */; };
		10FAF126266A9099002640BE /* UIGenerator.swift in Sources */ = {isa = PBXBuildFile; fileRef = 10FAF125266A9099002640BE /* UIGenerator.swift */; };
		10FB8E63265FEAC8001D0E64 /* AppDelegate.swift in Sources */ = {isa = PBXBuildFile; fileRef = 10FB8E62265FEAC8001D0E64 /* AppDelegate.swift */; };
		10FB8E65265FEAC8001D0E64 /* SceneDelegate.swift in Sources */ = {isa = PBXBuildFile; fileRef = 10FB8E64265FEAC8001D0E64 /* SceneDelegate.swift */; };
		10FB8E67265FEAC8001D0E64 /* ViewController.swift in Sources */ = {isa = PBXBuildFile; fileRef = 10FB8E66265FEAC8001D0E64 /* ViewController.swift */; };
		10FB8E6D265FEAC8001D0E64 /* MitraRuma.xcdatamodeld in Sources */ = {isa = PBXBuildFile; fileRef = 10FB8E6B265FEAC8001D0E64 /* MitraRuma.xcdatamodeld */; };
		10FB8E6F265FEAC9001D0E64 /* Assets.xcassets in Resources */ = {isa = PBXBuildFile; fileRef = 10FB8E6E265FEAC9001D0E64 /* Assets.xcassets */; };
		10FB8E72265FEAC9001D0E64 /* LaunchScreen.storyboard in Resources */ = {isa = PBXBuildFile; fileRef = 10FB8E70265FEAC9001D0E64 /* LaunchScreen.storyboard */; };
		43AD33C09F8573DB1155649C /* Pods_MitraRuma.framework in Frameworks */ = {isa = PBXBuildFile; fileRef = C5A849433DFF8EFA459D38FE /* Pods_MitraRuma.framework */; };
/* End PBXBuildFile section */

/* Begin PBXFileReference section */
		10173FA1267310920000DAFB /* SelectionPresenter.swift */ = {isa = PBXFileReference; lastKnownFileType = sourcecode.swift; path = SelectionPresenter.swift; sourceTree = "<group>"; };
		10173FA3267311FA0000DAFB /* UIGroupEntity.swift */ = {isa = PBXFileReference; lastKnownFileType = sourcecode.swift; path = UIGroupEntity.swift; sourceTree = "<group>"; };
		10173FA626731C7C0000DAFB /* ApiClient.swift */ = {isa = PBXFileReference; lastKnownFileType = sourcecode.swift; path = ApiClient.swift; sourceTree = "<group>"; };
		10173FA826731C9C0000DAFB /* RequestCaller.swift */ = {isa = PBXFileReference; lastKnownFileType = sourcecode.swift; path = RequestCaller.swift; sourceTree = "<group>"; };
		10173FAA26731CD10000DAFB /* RawResponse.swift */ = {isa = PBXFileReference; lastKnownFileType = sourcecode.swift; path = RawResponse.swift; sourceTree = "<group>"; };
		10173FAC26731D550000DAFB /* CustomUserDefaults.swift */ = {isa = PBXFileReference; lastKnownFileType = sourcecode.swift; path = CustomUserDefaults.swift; sourceTree = "<group>"; };
		10173FAE26731E920000DAFB /* RequestModel.swift */ = {isa = PBXFileReference; lastKnownFileType = sourcecode.swift; path = RequestModel.swift; sourceTree = "<group>"; };
		10173FB026731ECB0000DAFB /* UserApiClient.swift */ = {isa = PBXFileReference; lastKnownFileType = sourcecode.swift; path = UserApiClient.swift; sourceTree = "<group>"; };
		10173FB326731F780000DAFB /* CustomRemoteEntity.swift */ = {isa = PBXFileReference; lastKnownFileType = sourcecode.swift; path = CustomRemoteEntity.swift; sourceTree = "<group>"; };
		10173FB526731F890000DAFB /* RemoteErrorEntity.swift */ = {isa = PBXFileReference; lastKnownFileType = sourcecode.swift; path = RemoteErrorEntity.swift; sourceTree = "<group>"; };
		10173FB726731FD80000DAFB /* RemoteUserEntity.swift */ = {isa = PBXFileReference; lastKnownFileType = sourcecode.swift; path = RemoteUserEntity.swift; sourceTree = "<group>"; };
		101A34532677A3D300C396C0 /* HomeViewController.swift */ = {isa = PBXFileReference; lastKnownFileType = sourcecode.swift; path = HomeViewController.swift; sourceTree = "<group>"; };
		101A34542677A3D300C396C0 /* HomeViewController.xib */ = {isa = PBXFileReference; lastKnownFileType = file.xib; path = HomeViewController.xib; sourceTree = "<group>"; };
		101A34582677AE6100C396C0 /* ParamsLoginEntity.swift */ = {isa = PBXFileReference; lastKnownFileType = sourcecode.swift; path = ParamsLoginEntity.swift; sourceTree = "<group>"; };
		101A345A2677AF3200C396C0 /* LoginPresenter.swift */ = {isa = PBXFileReference; lastKnownFileType = sourcecode.swift; path = LoginPresenter.swift; sourceTree = "<group>"; };
		101A345E2677AF9F00C396C0 /* BaseUseCase.swift */ = {isa = PBXFileReference; lastKnownFileType = sourcecode.swift; path = BaseUseCase.swift; sourceTree = "<group>"; };
		101A34602677AFFE00C396C0 /* PhoneLoginUseCase.swift */ = {isa = PBXFileReference; lastKnownFileType = sourcecode.swift; path = PhoneLoginUseCase.swift; sourceTree = "<group>"; };
		103AF917266D1AD9009C561B /* Colors.xcassets */ = {isa = PBXFileReference; lastKnownFileType = folder.assetcatalog; path = Colors.xcassets; sourceTree = "<group>"; };
		103AF91A266D1FDF009C561B /* LoginViewController.swift */ = {isa = PBXFileReference; lastKnownFileType = sourcecode.swift; path = LoginViewController.swift; sourceTree = "<group>"; };
		103AF91B266D1FDF009C561B /* LoginViewController.xib */ = {isa = PBXFileReference; lastKnownFileType = file.xib; path = LoginViewController.xib; sourceTree = "<group>"; };
		103AF91F266D2071009C561B /* InputFieldView.swift */ = {isa = PBXFileReference; lastKnownFileType = sourcecode.swift; path = InputFieldView.swift; sourceTree = "<group>"; };
		103AF921266D208E009C561B /* InputFieldView.xib */ = {isa = PBXFileReference; lastKnownFileType = file.xib; path = InputFieldView.xib; sourceTree = "<group>"; };
		103AF923266D20FE009C561B /* UIExtension.swift */ = {isa = PBXFileReference; lastKnownFileType = sourcecode.swift; path = UIExtension.swift; sourceTree = "<group>"; };
		103AF925266D2128009C561B /* TapGestureRecognizer.swift */ = {isa = PBXFileReference; lastKnownFileType = sourcecode.swift; path = TapGestureRecognizer.swift; sourceTree = "<group>"; };
		103AF928266D3305009C561B /* OTPViewController.swift */ = {isa = PBXFileReference; lastKnownFileType = sourcecode.swift; path = OTPViewController.swift; sourceTree = "<group>"; };
		103AF929266D3305009C561B /* OTPViewController.xib */ = {isa = PBXFileReference; lastKnownFileType = file.xib; path = OTPViewController.xib; sourceTree = "<group>"; };
		103AF92C266D33D6009C561B /* SingleInputFieldView.swift */ = {isa = PBXFileReference; lastKnownFileType = sourcecode.swift; path = SingleInputFieldView.swift; sourceTree = "<group>"; };
		103AF92E266D33E7009C561B /* SingleInputFieldView.xib */ = {isa = PBXFileReference; lastKnownFileType = file.xib; path = SingleInputFieldView.xib; sourceTree = "<group>"; };
		10A56AD4266E35F40019516A /* DashboardViewController.swift */ = {isa = PBXFileReference; lastKnownFileType = sourcecode.swift; path = DashboardViewController.swift; sourceTree = "<group>"; };
		10A56AD5266E35F40019516A /* DashboardViewController.xib */ = {isa = PBXFileReference; lastKnownFileType = file.xib; path = DashboardViewController.xib; sourceTree = "<group>"; };
		10FAC8D2267261FE00538D6C /* SelectSkillViewController.swift */ = {isa = PBXFileReference; lastKnownFileType = sourcecode.swift; path = SelectSkillViewController.swift; sourceTree = "<group>"; };
		10FAC8D3267261FE00538D6C /* SelectSkillViewController.xib */ = {isa = PBXFileReference; lastKnownFileType = file.xib; path = SelectSkillViewController.xib; sourceTree = "<group>"; };
		10FAC8D7267264E000538D6C /* SelectionTableViewCell.swift */ = {isa = PBXFileReference; lastKnownFileType = sourcecode.swift; path = SelectionTableViewCell.swift; sourceTree = "<group>"; };
		10FAC8D8267264E000538D6C /* SelectionTableViewCell.xib */ = {isa = PBXFileReference; lastKnownFileType = file.xib; path = SelectionTableViewCell.xib; sourceTree = "<group>"; };
		10FAC8DB267264ED00538D6C /* TitleTableViewCell.swift */ = {isa = PBXFileReference; lastKnownFileType = sourcecode.swift; path = TitleTableViewCell.swift; sourceTree = "<group>"; };
		10FAC8DC267264ED00538D6C /* TitleTableViewCell.xib */ = {isa = PBXFileReference; lastKnownFileType = file.xib; path = TitleTableViewCell.xib; sourceTree = "<group>"; };
		10FAC8DF267265D300538D6C /* UIPickerEntity.swift */ = {isa = PBXFileReference; lastKnownFileType = sourcecode.swift; path = UIPickerEntity.swift; sourceTree = "<group>"; };
		10FAC8E12672672300538D6C /* SelectSkillPresenter.swift */ = {isa = PBXFileReference; lastKnownFileType = sourcecode.swift; path = SelectSkillPresenter.swift; sourceTree = "<group>"; };
		10FAC8E42672723800538D6C /* CoverageViewController.swift */ = {isa = PBXFileReference; lastKnownFileType = sourcecode.swift; path = CoverageViewController.swift; sourceTree = "<group>"; };
		10FAC8E52672723800538D6C /* CoverageViewController.xib */ = {isa = PBXFileReference; lastKnownFileType = file.xib; path = CoverageViewController.xib; sourceTree = "<group>"; };
		10FAC8E92672740100538D6C /* SelectionViewController.swift */ = {isa = PBXFileReference; lastKnownFileType = sourcecode.swift; path = SelectionViewController.swift; sourceTree = "<group>"; };
		10FAC8EA2672740100538D6C /* SelectionViewController.xib */ = {isa = PBXFileReference; lastKnownFileType = file.xib; path = SelectionViewController.xib; sourceTree = "<group>"; };
		10FAC8EE2672759100538D6C /* SearchTableViewCell.swift */ = {isa = PBXFileReference; lastKnownFileType = sourcecode.swift; path = SearchTableViewCell.swift; sourceTree = "<group>"; };
		10FAC8EF2672759100538D6C /* SearchTableViewCell.xib */ = {isa = PBXFileReference; lastKnownFileType = file.xib; path = SearchTableViewCell.xib; sourceTree = "<group>"; };
		10FAF114266A8AD0002640BE /* OnBoardingViewController.swift */ = {isa = PBXFileReference; lastKnownFileType = sourcecode.swift; path = OnBoardingViewController.swift; sourceTree = "<group>"; };
		10FAF115266A8AD0002640BE /* OnBoardingViewController.xib */ = {isa = PBXFileReference; lastKnownFileType = file.xib; path = OnBoardingViewController.xib; sourceTree = "<group>"; };
		10FAF11E266A8C38002640BE /* UISliderEntity.swift */ = {isa = PBXFileReference; lastKnownFileType = sourcecode.swift; path = UISliderEntity.swift; sourceTree = "<group>"; };
		10FAF120266A8EE4002640BE /* SliderContentCollectionViewCell.swift */ = {isa = PBXFileReference; lastKnownFileType = sourcecode.swift; path = SliderContentCollectionViewCell.swift; sourceTree = "<group>"; };
		10FAF121266A8EE4002640BE /* SliderContentCollectionViewCell.xib */ = {isa = PBXFileReference; lastKnownFileType = file.xib; path = SliderContentCollectionViewCell.xib; sourceTree = "<group>"; };
		10FAF125266A9099002640BE /* UIGenerator.swift */ = {isa = PBXFileReference; lastKnownFileType = sourcecode.swift; path = UIGenerator.swift; sourceTree = "<group>"; };
		10FB8E5F265FEAC8001D0E64 /* MitraRuma.app */ = {isa = PBXFileReference; explicitFileType = wrapper.application; includeInIndex = 0; path = MitraRuma.app; sourceTree = BUILT_PRODUCTS_DIR; };
		10FB8E62265FEAC8001D0E64 /* AppDelegate.swift */ = {isa = PBXFileReference; lastKnownFileType = sourcecode.swift; path = AppDelegate.swift; sourceTree = "<group>"; };
		10FB8E64265FEAC8001D0E64 /* SceneDelegate.swift */ = {isa = PBXFileReference; lastKnownFileType = sourcecode.swift; path = SceneDelegate.swift; sourceTree = "<group>"; };
		10FB8E66265FEAC8001D0E64 /* ViewController.swift */ = {isa = PBXFileReference; lastKnownFileType = sourcecode.swift; path = ViewController.swift; sourceTree = "<group>"; };
		10FB8E6C265FEAC8001D0E64 /* MitraRuma.xcdatamodel */ = {isa = PBXFileReference; lastKnownFileType = wrapper.xcdatamodel; path = MitraRuma.xcdatamodel; sourceTree = "<group>"; };
		10FB8E6E265FEAC9001D0E64 /* Assets.xcassets */ = {isa = PBXFileReference; lastKnownFileType = folder.assetcatalog; path = Assets.xcassets; sourceTree = "<group>"; };
		10FB8E71265FEAC9001D0E64 /* Base */ = {isa = PBXFileReference; lastKnownFileType = file.storyboard; name = Base; path = Base.lproj/LaunchScreen.storyboard; sourceTree = "<group>"; };
		10FB8E73265FEAC9001D0E64 /* Info.plist */ = {isa = PBXFileReference; lastKnownFileType = text.plist.xml; path = Info.plist; sourceTree = "<group>"; };
		6806E69678042BD95BDE0942 /* Pods-MitraRuma.release.xcconfig */ = {isa = PBXFileReference; includeInIndex = 1; lastKnownFileType = text.xcconfig; name = "Pods-MitraRuma.release.xcconfig"; path = "Target Support Files/Pods-MitraRuma/Pods-MitraRuma.release.xcconfig"; sourceTree = "<group>"; };
		C5A849433DFF8EFA459D38FE /* Pods_MitraRuma.framework */ = {isa = PBXFileReference; explicitFileType = wrapper.framework; includeInIndex = 0; path = Pods_MitraRuma.framework; sourceTree = BUILT_PRODUCTS_DIR; };
		EACE7840FC85CD7C7558920D /* Pods-MitraRuma.debug.xcconfig */ = {isa = PBXFileReference; includeInIndex = 1; lastKnownFileType = text.xcconfig; name = "Pods-MitraRuma.debug.xcconfig"; path = "Target Support Files/Pods-MitraRuma/Pods-MitraRuma.debug.xcconfig"; sourceTree = "<group>"; };
/* End PBXFileReference section */

/* Begin PBXFrameworksBuildPhase section */
		10FB8E5C265FEAC8001D0E64 /* Frameworks */ = {
			isa = PBXFrameworksBuildPhase;
			buildActionMask = 2147483647;
			files = (
				43AD33C09F8573DB1155649C /* Pods_MitraRuma.framework in Frameworks */,
			);
			runOnlyForDeploymentPostprocessing = 0;
		};
/* End PBXFrameworksBuildPhase section */

/* Begin PBXGroup section */
		10173FA526731C730000DAFB /* manager */ = {
			isa = PBXGroup;
			children = (
				10173FA626731C7C0000DAFB /* ApiClient.swift */,
				10173FA826731C9C0000DAFB /* RequestCaller.swift */,
				10173FAA26731CD10000DAFB /* RawResponse.swift */,
				10173FAE26731E920000DAFB /* RequestModel.swift */,
				10173FB026731ECB0000DAFB /* UserApiClient.swift */,
			);
			path = manager;
			sourceTree = "<group>";
		};
		10173FB226731F6F0000DAFB /* remote */ = {
			isa = PBXGroup;
			children = (
				10173FB326731F780000DAFB /* CustomRemoteEntity.swift */,
				10173FB526731F890000DAFB /* RemoteErrorEntity.swift */,
				10173FB726731FD80000DAFB /* RemoteUserEntity.swift */,
			);
			path = remote;
			sourceTree = "<group>";
		};
		101A34522677A3C100C396C0 /* home */ = {
			isa = PBXGroup;
			children = (
				101A34532677A3D300C396C0 /* HomeViewController.swift */,
				101A34542677A3D300C396C0 /* HomeViewController.xib */,
			);
			path = home;
			sourceTree = "<group>";
		};
		101A34572677AE5300C396C0 /* params */ = {
			isa = PBXGroup;
			children = (
				101A34582677AE6100C396C0 /* ParamsLoginEntity.swift */,
			);
			path = params;
			sourceTree = "<group>";
		};
		101A345C2677AF9100C396C0 /* usecase */ = {
			isa = PBXGroup;
			children = (
				101A345D2677AF9800C396C0 /* base */,
				101A34602677AFFE00C396C0 /* PhoneLoginUseCase.swift */,
			);
			path = usecase;
			sourceTree = "<group>";
		};
		101A345D2677AF9800C396C0 /* base */ = {
			isa = PBXGroup;
			children = (
				101A345E2677AF9F00C396C0 /* BaseUseCase.swift */,
			);
			path = base;
			sourceTree = "<group>";
		};
		103AF919266D1FA9009C561B /* login */ = {
			isa = PBXGroup;
			children = (
				103AF91A266D1FDF009C561B /* LoginViewController.swift */,
				103AF91B266D1FDF009C561B /* LoginViewController.xib */,
				101A345A2677AF3200C396C0 /* LoginPresenter.swift */,
			);
			path = login;
			sourceTree = "<group>";
		};
		103AF91E266D2059009C561B /* view */ = {
			isa = PBXGroup;
			children = (
				103AF91F266D2071009C561B /* InputFieldView.swift */,
				103AF921266D208E009C561B /* InputFieldView.xib */,
				103AF92C266D33D6009C561B /* SingleInputFieldView.swift */,
				103AF92E266D33E7009C561B /* SingleInputFieldView.xib */,
			);
			path = view;
			sourceTree = "<group>";
		};
		103AF927266D32EF009C561B /* otp */ = {
			isa = PBXGroup;
			children = (
				103AF928266D3305009C561B /* OTPViewController.swift */,
				103AF929266D3305009C561B /* OTPViewController.xib */,
			);
			path = otp;
			sourceTree = "<group>";
		};
		10A56AD3266E35E20019516A /* dashboard */ = {
			isa = PBXGroup;
			children = (
				10A56AD4266E35F40019516A /* DashboardViewController.swift */,
				10A56AD5266E35F40019516A /* DashboardViewController.xib */,
			);
			path = dashboard;
			sourceTree = "<group>";
		};
		10FAC8D1267261ED00538D6C /* selectskill */ = {
			isa = PBXGroup;
			children = (
				10FAC8D6267264CD00538D6C /* cell */,
				10FAC8D2267261FE00538D6C /* SelectSkillViewController.swift */,
				10FAC8D3267261FE00538D6C /* SelectSkillViewController.xib */,
				10FAC8E12672672300538D6C /* SelectSkillPresenter.swift */,
			);
			path = selectskill;
			sourceTree = "<group>";
		};
		10FAC8D6267264CD00538D6C /* cell */ = {
			isa = PBXGroup;
			children = (
				10FAC8D7267264E000538D6C /* SelectionTableViewCell.swift */,
				10FAC8D8267264E000538D6C /* SelectionTableViewCell.xib */,
				10FAC8DB267264ED00538D6C /* TitleTableViewCell.swift */,
				10FAC8DC267264ED00538D6C /* TitleTableViewCell.xib */,
			);
			path = cell;
			sourceTree = "<group>";
		};
		10FAC8E32672722500538D6C /* coverage */ = {
			isa = PBXGroup;
			children = (
				10FAC8E42672723800538D6C /* CoverageViewController.swift */,
				10FAC8E52672723800538D6C /* CoverageViewController.xib */,
			);
			path = coverage;
			sourceTree = "<group>";
		};
		10FAC8E8267273F400538D6C /* selection */ = {
			isa = PBXGroup;
			children = (
				10FAC8ED2672757F00538D6C /* cell */,
				10FAC8E92672740100538D6C /* SelectionViewController.swift */,
				10FAC8EA2672740100538D6C /* SelectionViewController.xib */,
				10173FA1267310920000DAFB /* SelectionPresenter.swift */,
			);
			path = selection;
			sourceTree = "<group>";
		};
		10FAC8ED2672757F00538D6C /* cell */ = {
			isa = PBXGroup;
			children = (
				10FAC8EE2672759100538D6C /* SearchTableViewCell.swift */,
				10FAC8EF2672759100538D6C /* SearchTableViewCell.xib */,
			);
			path = cell;
			sourceTree = "<group>";
		};
		10FAF112266A8AAB002640BE /* screen */ = {
			isa = PBXGroup;
			children = (
				101A34522677A3C100C396C0 /* home */,
				10FAC8E8267273F400538D6C /* selection */,
				10FAC8E32672722500538D6C /* coverage */,
				10FAC8D1267261ED00538D6C /* selectskill */,
				10A56AD3266E35E20019516A /* dashboard */,
				103AF927266D32EF009C561B /* otp */,
				103AF919266D1FA9009C561B /* login */,
				10FAF113266A8ABE002640BE /* onboarding */,
			);
			path = screen;
			sourceTree = "<group>";
		};
		10FAF113266A8ABE002640BE /* onboarding */ = {
			isa = PBXGroup;
			children = (
				10FAF118266A8ADE002640BE /* content */,
				10FAF114266A8AD0002640BE /* OnBoardingViewController.swift */,
				10FAF115266A8AD0002640BE /* OnBoardingViewController.xib */,
			);
			path = onboarding;
			sourceTree = "<group>";
		};
		10FAF118266A8ADE002640BE /* content */ = {
			isa = PBXGroup;
			children = (
				10FAF120266A8EE4002640BE /* SliderContentCollectionViewCell.swift */,
				10FAF121266A8EE4002640BE /* SliderContentCollectionViewCell.xib */,
			);
			path = content;
			sourceTree = "<group>";
		};
		10FAF11D266A8C28002640BE /* entity */ = {
			isa = PBXGroup;
			children = (
				101A34572677AE5300C396C0 /* params */,
				10173FB226731F6F0000DAFB /* remote */,
				10FAF11E266A8C38002640BE /* UISliderEntity.swift */,
				10FAC8DF267265D300538D6C /* UIPickerEntity.swift */,
				10173FA3267311FA0000DAFB /* UIGroupEntity.swift */,
			);
			path = entity;
			sourceTree = "<group>";
		};
		10FAF124266A908A002640BE /* support */ = {
			isa = PBXGroup;
			children = (
				10FAF125266A9099002640BE /* UIGenerator.swift */,
				103AF923266D20FE009C561B /* UIExtension.swift */,
				103AF925266D2128009C561B /* TapGestureRecognizer.swift */,
				10173FAC26731D550000DAFB /* CustomUserDefaults.swift */,
			);
			path = support;
			sourceTree = "<group>";
		};
		10FB8E56265FEAC8001D0E64 = {
			isa = PBXGroup;
			children = (
				10FB8E61265FEAC8001D0E64 /* MitraRuma */,
				10FB8E60265FEAC8001D0E64 /* Products */,
				E672392CD4E3792D7E132B47 /* Pods */,
				8CFFF48DFB38E2AAF9C47503 /* Frameworks */,
			);
			sourceTree = "<group>";
		};
		10FB8E60265FEAC8001D0E64 /* Products */ = {
			isa = PBXGroup;
			children = (
				10FB8E5F265FEAC8001D0E64 /* MitraRuma.app */,
			);
			name = Products;
			sourceTree = "<group>";
		};
		10FB8E61265FEAC8001D0E64 /* MitraRuma */ = {
			isa = PBXGroup;
			children = (
				101A345C2677AF9100C396C0 /* usecase */,
				10173FA526731C730000DAFB /* manager */,
				103AF91E266D2059009C561B /* view */,
				10FAF124266A908A002640BE /* support */,
				10FAF11D266A8C28002640BE /* entity */,
				10FAF112266A8AAB002640BE /* screen */,
				10FB8E62265FEAC8001D0E64 /* AppDelegate.swift */,
				10FB8E64265FEAC8001D0E64 /* SceneDelegate.swift */,
				10FB8E66265FEAC8001D0E64 /* ViewController.swift */,
				10FB8E6E265FEAC9001D0E64 /* Assets.xcassets */,
				10FB8E70265FEAC9001D0E64 /* LaunchScreen.storyboard */,
				10FB8E73265FEAC9001D0E64 /* Info.plist */,
				10FB8E6B265FEAC8001D0E64 /* MitraRuma.xcdatamodeld */,
				103AF917266D1AD9009C561B /* Colors.xcassets */,
			);
			path = MitraRuma;
			sourceTree = "<group>";
		};
		8CFFF48DFB38E2AAF9C47503 /* Frameworks */ = {
			isa = PBXGroup;
			children = (
				C5A849433DFF8EFA459D38FE /* Pods_MitraRuma.framework */,
			);
			name = Frameworks;
			sourceTree = "<group>";
		};
		E672392CD4E3792D7E132B47 /* Pods */ = {
			isa = PBXGroup;
			children = (
				EACE7840FC85CD7C7558920D /* Pods-MitraRuma.debug.xcconfig */,
				6806E69678042BD95BDE0942 /* Pods-MitraRuma.release.xcconfig */,
			);
			path = Pods;
			sourceTree = "<group>";
		};
/* End PBXGroup section */

/* Begin PBXNativeTarget section */
		10FB8E5E265FEAC8001D0E64 /* MitraRuma */ = {
			isa = PBXNativeTarget;
			buildConfigurationList = 10FB8E76265FEAC9001D0E64 /* Build configuration list for PBXNativeTarget "MitraRuma" */;
			buildPhases = (
				14C3EDFF7D297C95DA610E39 /* [CP] Check Pods Manifest.lock */,
				10FB8E5B265FEAC8001D0E64 /* Sources */,
				10FB8E5C265FEAC8001D0E64 /* Frameworks */,
				10FB8E5D265FEAC8001D0E64 /* Resources */,
				602FA81F8E75873CAB793B5F /* [CP] Embed Pods Frameworks */,
				1C857496ACF9181366ED03FE /* [CP] Copy Pods Resources */,
			);
			buildRules = (
			);
			dependencies = (
			);
			name = MitraRuma;
			productName = MitraRuma;
			productReference = 10FB8E5F265FEAC8001D0E64 /* MitraRuma.app */;
			productType = "com.apple.product-type.application";
		};
/* End PBXNativeTarget section */

/* Begin PBXProject section */
		10FB8E57265FEAC8001D0E64 /* Project object */ = {
			isa = PBXProject;
			attributes = {
				LastSwiftUpdateCheck = 1250;
				LastUpgradeCheck = 1250;
				TargetAttributes = {
					10FB8E5E265FEAC8001D0E64 = {
						CreatedOnToolsVersion = 12.5;
					};
				};
			};
			buildConfigurationList = 10FB8E5A265FEAC8001D0E64 /* Build configuration list for PBXProject "MitraRuma" */;
			compatibilityVersion = "Xcode 9.3";
			developmentRegion = en;
			hasScannedForEncodings = 0;
			knownRegions = (
				en,
				Base,
			);
			mainGroup = 10FB8E56265FEAC8001D0E64;
			productRefGroup = 10FB8E60265FEAC8001D0E64 /* Products */;
			projectDirPath = "";
			projectRoot = "";
			targets = (
				10FB8E5E265FEAC8001D0E64 /* MitraRuma */,
			);
		};
/* End PBXProject section */

/* Begin PBXResourcesBuildPhase section */
		10FB8E5D265FEAC8001D0E64 /* Resources */ = {
			isa = PBXResourcesBuildPhase;
			buildActionMask = 2147483647;
			files = (
				10FAC8EC2672740100538D6C /* SelectionViewController.xib in Resources */,
				10FAC8F12672759100538D6C /* SearchTableViewCell.xib in Resources */,
				10FAC8D5267261FE00538D6C /* SelectSkillViewController.xib in Resources */,
				103AF92F266D33E7009C561B /* SingleInputFieldView.xib in Resources */,
				103AF92B266D3305009C561B /* OTPViewController.xib in Resources */,
				103AF918266D1AD9009C561B /* Colors.xcassets in Resources */,
				10FAC8DA267264E000538D6C /* SelectionTableViewCell.xib in Resources */,
				10FB8E72265FEAC9001D0E64 /* LaunchScreen.storyboard in Resources */,
				103AF91D266D1FDF009C561B /* LoginViewController.xib in Resources */,
				10FB8E6F265FEAC9001D0E64 /* Assets.xcassets in Resources */,
				10FAF117266A8AD0002640BE /* OnBoardingViewController.xib in Resources */,
				10FAC8DE267264ED00538D6C /* TitleTableViewCell.xib in Resources */,
				10FAC8E72672723800538D6C /* CoverageViewController.xib in Resources */,
				101A34562677A3D300C396C0 /* HomeViewController.xib in Resources */,
				10A56AD7266E35F40019516A /* DashboardViewController.xib in Resources */,
				10FAF123266A8EE4002640BE /* SliderContentCollectionViewCell.xib in Resources */,
				103AF922266D208E009C561B /* InputFieldView.xib in Resources */,
			);
			runOnlyForDeploymentPostprocessing = 0;
		};
/* End PBXResourcesBuildPhase section */

/* Begin PBXShellScriptBuildPhase section */
		14C3EDFF7D297C95DA610E39 /* [CP] Check Pods Manifest.lock */ = {
			isa = PBXShellScriptBuildPhase;
			buildActionMask = 2147483647;
			files = (
			);
			inputFileListPaths = (
			);
			inputPaths = (
				"${PODS_PODFILE_DIR_PATH}/Podfile.lock",
				"${PODS_ROOT}/Manifest.lock",
			);
			name = "[CP] Check Pods Manifest.lock";
			outputFileListPaths = (
			);
			outputPaths = (
				"$(DERIVED_FILE_DIR)/Pods-MitraRuma-checkManifestLockResult.txt",
			);
			runOnlyForDeploymentPostprocessing = 0;
			shellPath = /bin/sh;
			shellScript = "diff \"${PODS_PODFILE_DIR_PATH}/Podfile.lock\" \"${PODS_ROOT}/Manifest.lock\" > /dev/null\nif [ $? != 0 ] ; then\n    # print error to STDERR\n    echo \"error: The sandbox is not in sync with the Podfile.lock. Run 'pod install' or update your CocoaPods installation.\" >&2\n    exit 1\nfi\n# This output is used by Xcode 'outputs' to avoid re-running this script phase.\necho \"SUCCESS\" > \"${SCRIPT_OUTPUT_FILE_0}\"\n";
			showEnvVarsInLog = 0;
		};
		1C857496ACF9181366ED03FE /* [CP] Copy Pods Resources */ = {
			isa = PBXShellScriptBuildPhase;
			buildActionMask = 2147483647;
			files = (
			);
			inputFileListPaths = (
				"${PODS_ROOT}/Target Support Files/Pods-MitraRuma/Pods-MitraRuma-resources-${CONFIGURATION}-input-files.xcfilelist",
			);
			name = "[CP] Copy Pods Resources";
			outputFileListPaths = (
				"${PODS_ROOT}/Target Support Files/Pods-MitraRuma/Pods-MitraRuma-resources-${CONFIGURATION}-output-files.xcfilelist",
			);
			runOnlyForDeploymentPostprocessing = 0;
			shellPath = /bin/sh;
			shellScript = "\"${PODS_ROOT}/Target Support Files/Pods-MitraRuma/Pods-MitraRuma-resources.sh\"\n";
			showEnvVarsInLog = 0;
		};
		602FA81F8E75873CAB793B5F /* [CP] Embed Pods Frameworks */ = {
			isa = PBXShellScriptBuildPhase;
			buildActionMask = 2147483647;
			files = (
			);
			inputFileListPaths = (
				"${PODS_ROOT}/Target Support Files/Pods-MitraRuma/Pods-MitraRuma-frameworks-${CONFIGURATION}-input-files.xcfilelist",
			);
			name = "[CP] Embed Pods Frameworks";
			outputFileListPaths = (
				"${PODS_ROOT}/Target Support Files/Pods-MitraRuma/Pods-MitraRuma-frameworks-${CONFIGURATION}-output-files.xcfilelist",
			);
			runOnlyForDeploymentPostprocessing = 0;
			shellPath = /bin/sh;
			shellScript = "\"${PODS_ROOT}/Target Support Files/Pods-MitraRuma/Pods-MitraRuma-frameworks.sh\"\n";
			showEnvVarsInLog = 0;
		};
/* End PBXShellScriptBuildPhase section */

/* Begin PBXSourcesBuildPhase section */
		10FB8E5B265FEAC8001D0E64 /* Sources */ = {
			isa = PBXSourcesBuildPhase;
			buildActionMask = 2147483647;
			files = (
				103AF91C266D1FDF009C561B /* LoginViewController.swift in Sources */,
				10173FA2267310920000DAFB /* SelectionPresenter.swift in Sources */,
				10FAC8D9267264E000538D6C /* SelectionTableViewCell.swift in Sources */,
				10FAF11F266A8C38002640BE /* UISliderEntity.swift in Sources */,
				103AF92A266D3305009C561B /* OTPViewController.swift in Sources */,
				101A34552677A3D300C396C0 /* HomeViewController.swift in Sources */,
				10173FAF26731E920000DAFB /* RequestModel.swift in Sources */,
				10173FA4267311FA0000DAFB /* UIGroupEntity.swift in Sources */,
				10FAF126266A9099002640BE /* UIGenerator.swift in Sources */,
				10173FAD26731D550000DAFB /* CustomUserDefaults.swift in Sources */,
				10FAC8EB2672740100538D6C /* SelectionViewController.swift in Sources */,
				10FB8E6D265FEAC8001D0E64 /* MitraRuma.xcdatamodeld in Sources */,
				10173FAB26731CD10000DAFB /* RawResponse.swift in Sources */,
				10FB8E67265FEAC8001D0E64 /* ViewController.swift in Sources */,
				10FAC8F02672759100538D6C /* SearchTableViewCell.swift in Sources */,
				103AF92D266D33D6009C561B /* SingleInputFieldView.swift in Sources */,
				10A56AD6266E35F40019516A /* DashboardViewController.swift in Sources */,
				10FAC8D4267261FE00538D6C /* SelectSkillViewController.swift in Sources */,
				101A345F2677AF9F00C396C0 /* BaseUseCase.swift in Sources */,
				10173FB626731F890000DAFB /* RemoteErrorEntity.swift in Sources */,
				103AF926266D2128009C561B /* TapGestureRecognizer.swift in Sources */,
				101A34592677AE6100C396C0 /* ParamsLoginEntity.swift in Sources */,
				10FB8E63265FEAC8001D0E64 /* AppDelegate.swift in Sources */,
				10FAC8E22672672300538D6C /* SelectSkillPresenter.swift in Sources */,
				10173FA926731C9C0000DAFB /* RequestCaller.swift in Sources */,
				101A34612677AFFE00C396C0 /* PhoneLoginUseCase.swift in Sources */,
				10FAF122266A8EE4002640BE /* SliderContentCollectionViewCell.swift in Sources */,
				10173FB826731FD80000DAFB /* RemoteUserEntity.swift in Sources */,
				10173FB426731F780000DAFB /* CustomRemoteEntity.swift in Sources */,
				10FAC8E0267265D300538D6C /* UIPickerEntity.swift in Sources */,
				10FB8E65265FEAC8001D0E64 /* SceneDelegate.swift in Sources */,
				103AF920266D2071009C561B /* InputFieldView.swift in Sources */,
				10173FA726731C7C0000DAFB /* ApiClient.swift in Sources */,
				10173FB126731ECB0000DAFB /* UserApiClient.swift in Sources */,
				10FAC8E62672723800538D6C /* CoverageViewController.swift in Sources */,
				103AF924266D20FE009C561B /* UIExtension.swift in Sources */,
				101A345B2677AF3200C396C0 /* LoginPresenter.swift in Sources */,
				10FAC8DD267264ED00538D6C /* TitleTableViewCell.swift in Sources */,
				10FAF116266A8AD0002640BE /* OnBoardingViewController.swift in Sources */,
			);
			runOnlyForDeploymentPostprocessing = 0;
		};
/* End PBXSourcesBuildPhase section */

/* Begin PBXVariantGroup section */
		10FB8E70265FEAC9001D0E64 /* LaunchScreen.storyboard */ = {
			isa = PBXVariantGroup;
			children = (
				10FB8E71265FEAC9001D0E64 /* Base */,
			);
			name = LaunchScreen.storyboard;
			sourceTree = "<group>";
		};
/* End PBXVariantGroup section */

/* Begin XCBuildConfiguration section */
		10FB8E74265FEAC9001D0E64 /* Debug */ = {
			isa = XCBuildConfiguration;
			buildSettings = {
				ALWAYS_SEARCH_USER_PATHS = NO;
				CLANG_ANALYZER_NONNULL = YES;
				CLANG_ANALYZER_NUMBER_OBJECT_CONVERSION = YES_AGGRESSIVE;
				CLANG_CXX_LANGUAGE_STANDARD = "gnu++14";
				CLANG_CXX_LIBRARY = "libc++";
				CLANG_ENABLE_MODULES = YES;
				CLANG_ENABLE_OBJC_ARC = YES;
				CLANG_ENABLE_OBJC_WEAK = YES;
				CLANG_WARN_BLOCK_CAPTURE_AUTORELEASING = YES;
				CLANG_WARN_BOOL_CONVERSION = YES;
				CLANG_WARN_COMMA = YES;
				CLANG_WARN_CONSTANT_CONVERSION = YES;
				CLANG_WARN_DEPRECATED_OBJC_IMPLEMENTATIONS = YES;
				CLANG_WARN_DIRECT_OBJC_ISA_USAGE = YES_ERROR;
				CLANG_WARN_DOCUMENTATION_COMMENTS = YES;
				CLANG_WARN_EMPTY_BODY = YES;
				CLANG_WARN_ENUM_CONVERSION = YES;
				CLANG_WARN_INFINITE_RECURSION = YES;
				CLANG_WARN_INT_CONVERSION = YES;
				CLANG_WARN_NON_LITERAL_NULL_CONVERSION = YES;
				CLANG_WARN_OBJC_IMPLICIT_RETAIN_SELF = YES;
				CLANG_WARN_OBJC_LITERAL_CONVERSION = YES;
				CLANG_WARN_OBJC_ROOT_CLASS = YES_ERROR;
				CLANG_WARN_QUOTED_INCLUDE_IN_FRAMEWORK_HEADER = YES;
				CLANG_WARN_RANGE_LOOP_ANALYSIS = YES;
				CLANG_WARN_STRICT_PROTOTYPES = YES;
				CLANG_WARN_SUSPICIOUS_MOVE = YES;
				CLANG_WARN_UNGUARDED_AVAILABILITY = YES_AGGRESSIVE;
				CLANG_WARN_UNREACHABLE_CODE = YES;
				CLANG_WARN__DUPLICATE_METHOD_MATCH = YES;
				COPY_PHASE_STRIP = NO;
				DEBUG_INFORMATION_FORMAT = dwarf;
				ENABLE_STRICT_OBJC_MSGSEND = YES;
				ENABLE_TESTABILITY = YES;
				GCC_C_LANGUAGE_STANDARD = gnu11;
				GCC_DYNAMIC_NO_PIC = NO;
				GCC_NO_COMMON_BLOCKS = YES;
				GCC_OPTIMIZATION_LEVEL = 0;
				GCC_PREPROCESSOR_DEFINITIONS = (
					"DEBUG=1",
					"$(inherited)",
				);
				GCC_WARN_64_TO_32_BIT_CONVERSION = YES;
				GCC_WARN_ABOUT_RETURN_TYPE = YES_ERROR;
				GCC_WARN_UNDECLARED_SELECTOR = YES;
				GCC_WARN_UNINITIALIZED_AUTOS = YES_AGGRESSIVE;
				GCC_WARN_UNUSED_FUNCTION = YES;
				GCC_WARN_UNUSED_VARIABLE = YES;
				IPHONEOS_DEPLOYMENT_TARGET = 14.5;
				MTL_ENABLE_DEBUG_INFO = INCLUDE_SOURCE;
				MTL_FAST_MATH = YES;
				ONLY_ACTIVE_ARCH = YES;
				SDKROOT = iphoneos;
				SWIFT_ACTIVE_COMPILATION_CONDITIONS = DEBUG;
				SWIFT_OPTIMIZATION_LEVEL = "-Onone";
			};
			name = Debug;
		};
		10FB8E75265FEAC9001D0E64 /* Release */ = {
			isa = XCBuildConfiguration;
			buildSettings = {
				ALWAYS_SEARCH_USER_PATHS = NO;
				CLANG_ANALYZER_NONNULL = YES;
				CLANG_ANALYZER_NUMBER_OBJECT_CONVERSION = YES_AGGRESSIVE;
				CLANG_CXX_LANGUAGE_STANDARD = "gnu++14";
				CLANG_CXX_LIBRARY = "libc++";
				CLANG_ENABLE_MODULES = YES;
				CLANG_ENABLE_OBJC_ARC = YES;
				CLANG_ENABLE_OBJC_WEAK = YES;
				CLANG_WARN_BLOCK_CAPTURE_AUTORELEASING = YES;
				CLANG_WARN_BOOL_CONVERSION = YES;
				CLANG_WARN_COMMA = YES;
				CLANG_WARN_CONSTANT_CONVERSION = YES;
				CLANG_WARN_DEPRECATED_OBJC_IMPLEMENTATIONS = YES;
				CLANG_WARN_DIRECT_OBJC_ISA_USAGE = YES_ERROR;
				CLANG_WARN_DOCUMENTATION_COMMENTS = YES;
				CLANG_WARN_EMPTY_BODY = YES;
				CLANG_WARN_ENUM_CONVERSION = YES;
				CLANG_WARN_INFINITE_RECURSION = YES;
				CLANG_WARN_INT_CONVERSION = YES;
				CLANG_WARN_NON_LITERAL_NULL_CONVERSION = YES;
				CLANG_WARN_OBJC_IMPLICIT_RETAIN_SELF = YES;
				CLANG_WARN_OBJC_LITERAL_CONVERSION = YES;
				CLANG_WARN_OBJC_ROOT_CLASS = YES_ERROR;
				CLANG_WARN_QUOTED_INCLUDE_IN_FRAMEWORK_HEADER = YES;
				CLANG_WARN_RANGE_LOOP_ANALYSIS = YES;
				CLANG_WARN_STRICT_PROTOTYPES = YES;
				CLANG_WARN_SUSPICIOUS_MOVE = YES;
				CLANG_WARN_UNGUARDED_AVAILABILITY = YES_AGGRESSIVE;
				CLANG_WARN_UNREACHABLE_CODE = YES;
				CLANG_WARN__DUPLICATE_METHOD_MATCH = YES;
				COPY_PHASE_STRIP = NO;
				DEBUG_INFORMATION_FORMAT = "dwarf-with-dsym";
				ENABLE_NS_ASSERTIONS = NO;
				ENABLE_STRICT_OBJC_MSGSEND = YES;
				GCC_C_LANGUAGE_STANDARD = gnu11;
				GCC_NO_COMMON_BLOCKS = YES;
				GCC_WARN_64_TO_32_BIT_CONVERSION = YES;
				GCC_WARN_ABOUT_RETURN_TYPE = YES_ERROR;
				GCC_WARN_UNDECLARED_SELECTOR = YES;
				GCC_WARN_UNINITIALIZED_AUTOS = YES_AGGRESSIVE;
				GCC_WARN_UNUSED_FUNCTION = YES;
				GCC_WARN_UNUSED_VARIABLE = YES;
				IPHONEOS_DEPLOYMENT_TARGET = 14.5;
				MTL_ENABLE_DEBUG_INFO = NO;
				MTL_FAST_MATH = YES;
				SDKROOT = iphoneos;
				SWIFT_COMPILATION_MODE = wholemodule;
				SWIFT_OPTIMIZATION_LEVEL = "-O";
				VALIDATE_PRODUCT = YES;
			};
			name = Release;
		};
		10FB8E77265FEAC9001D0E64 /* Debug */ = {
			isa = XCBuildConfiguration;
			baseConfigurationReference = EACE7840FC85CD7C7558920D /* Pods-MitraRuma.debug.xcconfig */;
			buildSettings = {
				ASSETCATALOG_COMPILER_APPICON_NAME = AppIcon;
				ASSETCATALOG_COMPILER_GLOBAL_ACCENT_COLOR_NAME = AccentColor;
				CODE_SIGN_STYLE = Automatic;
				INFOPLIST_FILE = MitraRuma/Info.plist;
				LD_RUNPATH_SEARCH_PATHS = (
					"$(inherited)",
					"@executable_path/Frameworks",
				);
				PRODUCT_BUNDLE_IDENTIFIER = id.mitra.MitraRuma;
				PRODUCT_NAME = "$(TARGET_NAME)";
				SWIFT_VERSION = 5.0;
				TARGETED_DEVICE_FAMILY = 1;
			};
			name = Debug;
		};
		10FB8E78265FEAC9001D0E64 /* Release */ = {
			isa = XCBuildConfiguration;
			baseConfigurationReference = 6806E69678042BD95BDE0942 /* Pods-MitraRuma.release.xcconfig */;
			buildSettings = {
				ASSETCATALOG_COMPILER_APPICON_NAME = AppIcon;
				ASSETCATALOG_COMPILER_GLOBAL_ACCENT_COLOR_NAME = AccentColor;
				CODE_SIGN_STYLE = Automatic;
				INFOPLIST_FILE = MitraRuma/Info.plist;
				LD_RUNPATH_SEARCH_PATHS = (
					"$(inherited)",
					"@executable_path/Frameworks",
				);
				PRODUCT_BUNDLE_IDENTIFIER = id.mitra.MitraRuma;
				PRODUCT_NAME = "$(TARGET_NAME)";
				SWIFT_VERSION = 5.0;
				TARGETED_DEVICE_FAMILY = 1;
			};
			name = Release;
		};
/* End XCBuildConfiguration section */

/* Begin XCConfigurationList section */
		10FB8E5A265FEAC8001D0E64 /* Build configuration list for PBXProject "MitraRuma" */ = {
			isa = XCConfigurationList;
			buildConfigurations = (
				10FB8E74265FEAC9001D0E64 /* Debug */,
				10FB8E75265FEAC9001D0E64 /* Release */,
			);
			defaultConfigurationIsVisible = 0;
			defaultConfigurationName = Release;
		};
		10FB8E76265FEAC9001D0E64 /* Build configuration list for PBXNativeTarget "MitraRuma" */ = {
			isa = XCConfigurationList;
			buildConfigurations = (
				10FB8E77265FEAC9001D0E64 /* Debug */,
				10FB8E78265FEAC9001D0E64 /* Release */,
			);
			defaultConfigurationIsVisible = 0;
			defaultConfigurationName = Release;
		};
/* End XCConfigurationList section */

/* Begin XCVersionGroup section */
		10FB8E6B265FEAC8001D0E64 /* MitraRuma.xcdatamodeld */ = {
			isa = XCVersionGroup;
			children = (
				10FB8E6C265FEAC8001D0E64 /* MitraRuma.xcdatamodel */,
			);
			currentVersion = 10FB8E6C265FEAC8001D0E64 /* MitraRuma.xcdatamodel */;
			path = MitraRuma.xcdatamodeld;
			sourceTree = "<group>";
			versionGroupType = wrapper.xcdatamodel;
		};
/* End XCVersionGroup section */
	};
	rootObject = 10FB8E57265FEAC8001D0E64 /* Project object */;
}
