// !$*UTF8*$!
{
	archiveVersion = 1;
	classes = {
	};
	objectVersion = 51;
	objects = {

/* Begin PBXBuildFile section */
		10173FA2267310920000DAFB /* CoveragePresenter.swift in Sources */ = {isa = PBXBuildFile; fileRef = 10173FA1267310920000DAFB /* CoveragePresenter.swift */; };
		10173FA4267311FA0000DAFB /* UIGroupEntity.swift in Sources */ = {isa = PBXBuildFile; fileRef = 10173FA3267311FA0000DAFB /* UIGroupEntity.swift */; };
		10173FA726731C7C0000DAFB /* ApiClient.swift in Sources */ = {isa = PBXBuildFile; fileRef = 10173FA626731C7C0000DAFB /* ApiClient.swift */; };
		10173FA926731C9C0000DAFB /* RequestCaller.swift in Sources */ = {isa = PBXBuildFile; fileRef = 10173FA826731C9C0000DAFB /* RequestCaller.swift */; };
		10173FAB26731CD10000DAFB /* RawResponse.swift in Sources */ = {isa = PBXBuildFile; fileRef = 10173FAA26731CD10000DAFB /* RawResponse.swift */; };
		10173FAD26731D550000DAFB /* CustomUserDefaults.swift in Sources */ = {isa = PBXBuildFile; fileRef = 10173FAC26731D550000DAFB /* CustomUserDefaults.swift */; };
		10173FAF26731E920000DAFB /* RequestModel.swift in Sources */ = {isa = PBXBuildFile; fileRef = 10173FAE26731E920000DAFB /* RequestModel.swift */; };
		10173FB126731ECB0000DAFB /* UserApiClient.swift in Sources */ = {isa = PBXBuildFile; fileRef = 10173FB026731ECB0000DAFB /* UserApiClient.swift */; };
		10173FB426731F780000DAFB /* CustomRemoteEntity.swift in Sources */ = {isa = PBXBuildFile; fileRef = 10173FB326731F780000DAFB /* CustomRemoteEntity.swift */; };
		10173FB626731F890000DAFB /* RemoteErrorEntity.swift in Sources */ = {isa = PBXBuildFile; fileRef = 10173FB526731F890000DAFB /* RemoteErrorEntity.swift */; };
		10173FB826731FD80000DAFB /* RemoteUserEntity.swift in Sources */ = {isa = PBXBuildFile; fileRef = 10173FB726731FD80000DAFB /* RemoteUserEntity.swift */; };
		1019E2CB26888C1B00EB5DF9 /* ContentApiClient.swift in Sources */ = {isa = PBXBuildFile; fileRef = 1019E2CA26888C1B00EB5DF9 /* ContentApiClient.swift */; };
		1019E2CD26888D2300EB5DF9 /* RemoteSelectionEntity.swift in Sources */ = {isa = PBXBuildFile; fileRef = 1019E2CC26888D2300EB5DF9 /* RemoteSelectionEntity.swift */; };
		1019E2CF26888D7E00EB5DF9 /* RemoteGroupEntity.swift in Sources */ = {isa = PBXBuildFile; fileRef = 1019E2CE26888D7E00EB5DF9 /* RemoteGroupEntity.swift */; };
		1019E2D126888DE600EB5DF9 /* GetSkillSetUseCase.swift in Sources */ = {isa = PBXBuildFile; fileRef = 1019E2D026888DE600EB5DF9 /* GetSkillSetUseCase.swift */; };
		1019E2D326888FBB00EB5DF9 /* GetCoverageUseCase.swift in Sources */ = {isa = PBXBuildFile; fileRef = 1019E2D226888FBB00EB5DF9 /* GetCoverageUseCase.swift */; };
		101A34552677A3D300C396C0 /* HomeViewController.swift in Sources */ = {isa = PBXBuildFile; fileRef = 101A34532677A3D300C396C0 /* HomeViewController.swift */; };
		101A34562677A3D300C396C0 /* HomeViewController.xib in Resources */ = {isa = PBXBuildFile; fileRef = 101A34542677A3D300C396C0 /* HomeViewController.xib */; };
		101A34592677AE6100C396C0 /* ParamsLoginEntity.swift in Sources */ = {isa = PBXBuildFile; fileRef = 101A34582677AE6100C396C0 /* ParamsLoginEntity.swift */; };
		101A345B2677AF3200C396C0 /* LoginPresenter.swift in Sources */ = {isa = PBXBuildFile; fileRef = 101A345A2677AF3200C396C0 /* LoginPresenter.swift */; };
		101A345F2677AF9F00C396C0 /* BaseUseCase.swift in Sources */ = {isa = PBXBuildFile; fileRef = 101A345E2677AF9F00C396C0 /* BaseUseCase.swift */; };
		101A34612677AFFE00C396C0 /* PhoneLoginUseCase.swift in Sources */ = {isa = PBXBuildFile; fileRef = 101A34602677AFFE00C396C0 /* PhoneLoginUseCase.swift */; };
		1027DD632688CFAC00E70798 /* LoginByGoogleUseCase.swift in Sources */ = {isa = PBXBuildFile; fileRef = 1027DD622688CFAC00E70798 /* LoginByGoogleUseCase.swift */; };
		1027DD652688D2B700E70798 /* RemoteGoogleLoginEntity.swift in Sources */ = {isa = PBXBuildFile; fileRef = 1027DD642688D2B700E70798 /* RemoteGoogleLoginEntity.swift */; };
		103AF918266D1AD9009C561B /* Colors.xcassets in Resources */ = {isa = PBXBuildFile; fileRef = 103AF917266D1AD9009C561B /* Colors.xcassets */; };
		103AF91C266D1FDF009C561B /* LoginViewController.swift in Sources */ = {isa = PBXBuildFile; fileRef = 103AF91A266D1FDF009C561B /* LoginViewController.swift */; };
		103AF91D266D1FDF009C561B /* LoginViewController.xib in Resources */ = {isa = PBXBuildFile; fileRef = 103AF91B266D1FDF009C561B /* LoginViewController.xib */; };
		103AF920266D2071009C561B /* InputFieldView.swift in Sources */ = {isa = PBXBuildFile; fileRef = 103AF91F266D2071009C561B /* InputFieldView.swift */; };
		103AF922266D208E009C561B /* InputFieldView.xib in Resources */ = {isa = PBXBuildFile; fileRef = 103AF921266D208E009C561B /* InputFieldView.xib */; };
		103AF924266D20FE009C561B /* UIExtension.swift in Sources */ = {isa = PBXBuildFile; fileRef = 103AF923266D20FE009C561B /* UIExtension.swift */; };
		103AF926266D2128009C561B /* TapGestureRecognizer.swift in Sources */ = {isa = PBXBuildFile; fileRef = 103AF925266D2128009C561B /* TapGestureRecognizer.swift */; };
		103AF92A266D3305009C561B /* OTPViewController.swift in Sources */ = {isa = PBXBuildFile; fileRef = 103AF928266D3305009C561B /* OTPViewController.swift */; };
		103AF92B266D3305009C561B /* OTPViewController.xib in Resources */ = {isa = PBXBuildFile; fileRef = 103AF929266D3305009C561B /* OTPViewController.xib */; };
		103AF92D266D33D6009C561B /* SingleInputFieldView.swift in Sources */ = {isa = PBXBuildFile; fileRef = 103AF92C266D33D6009C561B /* SingleInputFieldView.swift */; };
		103AF92F266D33E7009C561B /* SingleInputFieldView.xib in Resources */ = {isa = PBXBuildFile; fileRef = 103AF92E266D33E7009C561B /* SingleInputFieldView.xib */; };
		1062B11A267B9888004C9858 /* BannerCollectionViewCell.swift in Sources */ = {isa = PBXBuildFile; fileRef = 1062B118267B9888004C9858 /* BannerCollectionViewCell.swift */; };
		1062B11B267B9888004C9858 /* BannerCollectionViewCell.xib in Resources */ = {isa = PBXBuildFile; fileRef = 1062B119267B9888004C9858 /* BannerCollectionViewCell.xib */; };
		1062B11D267B98E3004C9858 /* RemoteBannerEntity.swift in Sources */ = {isa = PBXBuildFile; fileRef = 1062B11C267B98E3004C9858 /* RemoteBannerEntity.swift */; };
		1062B11F267B99DF004C9858 /* DashboardPresenter.swift in Sources */ = {isa = PBXBuildFile; fileRef = 1062B11E267B99DF004C9858 /* DashboardPresenter.swift */; };
		1062B121267BA405004C9858 /* ParamsExtensionAttributesEntity.swift in Sources */ = {isa = PBXBuildFile; fileRef = 1062B120267BA405004C9858 /* ParamsExtensionAttributesEntity.swift */; };
		1062B123267BADF8004C9858 /* PhoneRegisterApplicatorUseCase.swift in Sources */ = {isa = PBXBuildFile; fileRef = 1062B122267BADF8004C9858 /* PhoneRegisterApplicatorUseCase.swift */; };
		1062B125267BB29B004C9858 /* OTPPresenter.swift in Sources */ = {isa = PBXBuildFile; fileRef = 1062B124267BB29B004C9858 /* OTPPresenter.swift */; };
		1062B127267BB2CA004C9858 /* ParamsOTPEntity.swift in Sources */ = {isa = PBXBuildFile; fileRef = 1062B126267BB2CA004C9858 /* ParamsOTPEntity.swift */; };
		1062B129267BB330004C9858 /* SendOTPUseCase.swift in Sources */ = {isa = PBXBuildFile; fileRef = 1062B128267BB330004C9858 /* SendOTPUseCase.swift */; };
		10A56AD6266E35F40019516A /* DashboardViewController.swift in Sources */ = {isa = PBXBuildFile; fileRef = 10A56AD4266E35F40019516A /* DashboardViewController.swift */; };
		10A56AD7266E35F40019516A /* DashboardViewController.xib in Resources */ = {isa = PBXBuildFile; fileRef = 10A56AD5266E35F40019516A /* DashboardViewController.xib */; };
		10B9B89C26821B080067075D /* AccountViewController.swift in Sources */ = {isa = PBXBuildFile; fileRef = 10B9B89A26821B080067075D /* AccountViewController.swift */; };
		10B9B89D26821B080067075D /* AccountViewController.xib in Resources */ = {isa = PBXBuildFile; fileRef = 10B9B89B26821B080067075D /* AccountViewController.xib */; };
		10BE32E9267DB83600639C61 /* CategoryCollectionViewCell.swift in Sources */ = {isa = PBXBuildFile; fileRef = 10BE32E7267DB83600639C61 /* CategoryCollectionViewCell.swift */; };
		10BE32EA267DB83600639C61 /* CategoryCollectionViewCell.xib in Resources */ = {isa = PBXBuildFile; fileRef = 10BE32E8267DB83600639C61 /* CategoryCollectionViewCell.xib */; };
		10BE32EE267DC46A00639C61 /* NotificationViewController.swift in Sources */ = {isa = PBXBuildFile; fileRef = 10BE32EC267DC46A00639C61 /* NotificationViewController.swift */; };
		10BE32EF267DC46A00639C61 /* NotificationViewController.xib in Resources */ = {isa = PBXBuildFile; fileRef = 10BE32ED267DC46A00639C61 /* NotificationViewController.xib */; };
		10BE32F3267DC58100639C61 /* NotificationTableViewCell.swift in Sources */ = {isa = PBXBuildFile; fileRef = 10BE32F1267DC58100639C61 /* NotificationTableViewCell.swift */; };
		10BE32F4267DC58100639C61 /* NotificationTableViewCell.xib in Resources */ = {isa = PBXBuildFile; fileRef = 10BE32F2267DC58100639C61 /* NotificationTableViewCell.xib */; };
		10BE32F6267DC6DE00639C61 /* RemoteNotificationEntity.swift in Sources */ = {isa = PBXBuildFile; fileRef = 10BE32F5267DC6DE00639C61 /* RemoteNotificationEntity.swift */; };
		10BE32F8267DC81700639C61 /* NotificationPresenter.swift in Sources */ = {isa = PBXBuildFile; fileRef = 10BE32F7267DC81700639C61 /* NotificationPresenter.swift */; };
		10BE32FD267DCB1100639C61 /* TransactionViewController.swift in Sources */ = {isa = PBXBuildFile; fileRef = 10BE32FB267DCB1100639C61 /* TransactionViewController.swift */; };
		10BE32FE267DCB1100639C61 /* TransactionViewController.xib in Resources */ = {isa = PBXBuildFile; fileRef = 10BE32FC267DCB1100639C61 /* TransactionViewController.xib */; };
		10BFE156268B77FF00E92B41 /* ParamsUpdateProfileNameEntity.swift in Sources */ = {isa = PBXBuildFile; fileRef = 10BFE155268B77FF00E92B41 /* ParamsUpdateProfileNameEntity.swift */; };
		10BFE158268B780A00E92B41 /* ParamsUpdateProfileEmailEntity.swift in Sources */ = {isa = PBXBuildFile; fileRef = 10BFE157268B780A00E92B41 /* ParamsUpdateProfileEmailEntity.swift */; };
		10BFE15A268B78AB00E92B41 /* ParamsProfileEntity.swift in Sources */ = {isa = PBXBuildFile; fileRef = 10BFE159268B78AB00E92B41 /* ParamsProfileEntity.swift */; };
		10D131AC268B1E5000A286BF /* FormPresenter.swift in Sources */ = {isa = PBXBuildFile; fileRef = 10D131AB268B1E5000A286BF /* FormPresenter.swift */; };
		10D131AE268B1F1C00A286BF /* ParamsUpdateProfilePhoneNumberEntity.swift in Sources */ = {isa = PBXBuildFile; fileRef = 10D131AD268B1F1C00A286BF /* ParamsUpdateProfilePhoneNumberEntity.swift */; };
		10D131B0268B20E800A286BF /* UpdateProfileUseCase.swift in Sources */ = {isa = PBXBuildFile; fileRef = 10D131AF268B20E800A286BF /* UpdateProfileUseCase.swift */; };
		10D131B2268B24D300A286BF /* ParamsUpdateAddressEntity.swift in Sources */ = {isa = PBXBuildFile; fileRef = 10D131B1268B24D300A286BF /* ParamsUpdateAddressEntity.swift */; };
		10D131B4268B25BC00A286BF /* RemoteAddressEntity.swift in Sources */ = {isa = PBXBuildFile; fileRef = 10D131B3268B25BC00A286BF /* RemoteAddressEntity.swift */; };
		10D131B6268B277000A286BF /* GetAddressUseCase.swift in Sources */ = {isa = PBXBuildFile; fileRef = 10D131B5268B277000A286BF /* GetAddressUseCase.swift */; };
		10D131B8268B279D00A286BF /* AddAddressUseCase.swift in Sources */ = {isa = PBXBuildFile; fileRef = 10D131B7268B279D00A286BF /* AddAddressUseCase.swift */; };
		10D131BA268B27D600A286BF /* UpdateAddressUseCase.swift in Sources */ = {isa = PBXBuildFile; fileRef = 10D131B9268B27D600A286BF /* UpdateAddressUseCase.swift */; };
		10D61EEC268A205200F336B9 /* RemoteOTPEntity.swift in Sources */ = {isa = PBXBuildFile; fileRef = 10D61EEB268A205200F336B9 /* RemoteOTPEntity.swift */; };
		10D61EEE268A23C600F336B9 /* UIUserEntity.swift in Sources */ = {isa = PBXBuildFile; fileRef = 10D61EED268A23C600F336B9 /* UIUserEntity.swift */; };
		10D61EF2268A2ACA00F336B9 /* SettingViewController.swift in Sources */ = {isa = PBXBuildFile; fileRef = 10D61EF0268A2ACA00F336B9 /* SettingViewController.swift */; };
		10D61EF3268A2ACA00F336B9 /* SettingViewController.xib in Resources */ = {isa = PBXBuildFile; fileRef = 10D61EF1268A2ACA00F336B9 /* SettingViewController.xib */; };
		10D61EF5268A2E7E00F336B9 /* SingleInputFieldWithTitleView.swift in Sources */ = {isa = PBXBuildFile; fileRef = 10D61EF4268A2E7E00F336B9 /* SingleInputFieldWithTitleView.swift */; };
		10D61EF7268A2E8F00F336B9 /* SingleInputFieldWithTitleView.xib in Resources */ = {isa = PBXBuildFile; fileRef = 10D61EF6268A2E8F00F336B9 /* SingleInputFieldWithTitleView.xib */; };
		10D61EFC268A308600F336B9 /* FormViewController.swift in Sources */ = {isa = PBXBuildFile; fileRef = 10D61EFA268A308600F336B9 /* FormViewController.swift */; };
		10D61EFD268A308600F336B9 /* FormViewController.xib in Resources */ = {isa = PBXBuildFile; fileRef = 10D61EFB268A308600F336B9 /* FormViewController.xib */; };
		10D61EFF268A320900F336B9 /* UIFormBuilderEntity.swift in Sources */ = {isa = PBXBuildFile; fileRef = 10D61EFE268A320900F336B9 /* UIFormBuilderEntity.swift */; };
		10D61F03268A326100F336B9 /* FormTableViewCell.swift in Sources */ = {isa = PBXBuildFile; fileRef = 10D61F01268A326100F336B9 /* FormTableViewCell.swift */; };
		10D61F04268A326100F336B9 /* FormTableViewCell.xib in Resources */ = {isa = PBXBuildFile; fileRef = 10D61F02268A326100F336B9 /* FormTableViewCell.xib */; };
		10F3B7FB2677B33300FA7601 /* PhoneRegisterUseCase.swift in Sources */ = {isa = PBXBuildFile; fileRef = 10F3B7FA2677B33300FA7601 /* PhoneRegisterUseCase.swift */; };
		10FAC8D4267261FE00538D6C /* SelectSkillViewController.swift in Sources */ = {isa = PBXBuildFile; fileRef = 10FAC8D2267261FE00538D6C /* SelectSkillViewController.swift */; };
		10FAC8D5267261FE00538D6C /* SelectSkillViewController.xib in Resources */ = {isa = PBXBuildFile; fileRef = 10FAC8D3267261FE00538D6C /* SelectSkillViewController.xib */; };
		10FAC8D9267264E000538D6C /* SelectionTableViewCell.swift in Sources */ = {isa = PBXBuildFile; fileRef = 10FAC8D7267264E000538D6C /* SelectionTableViewCell.swift */; };
		10FAC8DA267264E000538D6C /* SelectionTableViewCell.xib in Resources */ = {isa = PBXBuildFile; fileRef = 10FAC8D8267264E000538D6C /* SelectionTableViewCell.xib */; };
		10FAC8DD267264ED00538D6C /* TitleTableViewCell.swift in Sources */ = {isa = PBXBuildFile; fileRef = 10FAC8DB267264ED00538D6C /* TitleTableViewCell.swift */; };
		10FAC8DE267264ED00538D6C /* TitleTableViewCell.xib in Resources */ = {isa = PBXBuildFile; fileRef = 10FAC8DC267264ED00538D6C /* TitleTableViewCell.xib */; };
		10FAC8E0267265D300538D6C /* UIPickerEntity.swift in Sources */ = {isa = PBXBuildFile; fileRef = 10FAC8DF267265D300538D6C /* UIPickerEntity.swift */; };
		10FAC8E22672672300538D6C /* SelectSkillPresenter.swift in Sources */ = {isa = PBXBuildFile; fileRef = 10FAC8E12672672300538D6C /* SelectSkillPresenter.swift */; };
		10FAC8EB2672740100538D6C /* CoverageViewController.swift in Sources */ = {isa = PBXBuildFile; fileRef = 10FAC8E92672740100538D6C /* CoverageViewController.swift */; };
		10FAC8EC2672740100538D6C /* CoverageViewController.xib in Resources */ = {isa = PBXBuildFile; fileRef = 10FAC8EA2672740100538D6C /* CoverageViewController.xib */; };
		10FAC8F02672759100538D6C /* SearchTableViewCell.swift in Sources */ = {isa = PBXBuildFile; fileRef = 10FAC8EE2672759100538D6C /* SearchTableViewCell.swift */; };
		10FAC8F12672759100538D6C /* SearchTableViewCell.xib in Resources */ = {isa = PBXBuildFile; fileRef = 10FAC8EF2672759100538D6C /* SearchTableViewCell.xib */; };
		10FAF116266A8AD0002640BE /* OnBoardingViewController.swift in Sources */ = {isa = PBXBuildFile; fileRef = 10FAF114266A8AD0002640BE /* OnBoardingViewController.swift */; };
		10FAF117266A8AD0002640BE /* OnBoardingViewController.xib in Resources */ = {isa = PBXBuildFile; fileRef = 10FAF115266A8AD0002640BE /* OnBoardingViewController.xib */; };
		10FAF11F266A8C38002640BE /* UISliderEntity.swift in Sources */ = {isa = PBXBuildFile; fileRef = 10FAF11E266A8C38002640BE /* UISliderEntity.swift */; };
		10FAF122266A8EE4002640BE /* SliderContentCollectionViewCell.swift in Sources */ = {isa = PBXBuildFile; fileRef = 10FAF120266A8EE4002640BE /* SliderContentCollectionViewCell.swift */; };
		10FAF123266A8EE4002640BE /* SliderContentCollectionViewCell.xib in Resources */ = {isa = PBXBuildFile; fileRef = 10FAF121266A8EE4002640BE /* SliderContentCollectionViewCell.xib */; };
		10FAF126266A9099002640BE /* UIGenerator.swift in Sources */ = {isa = PBXBuildFile; fileRef = 10FAF125266A9099002640BE /* UIGenerator.swift */; };
		10FB8E63265FEAC8001D0E64 /* AppDelegate.swift in Sources */ = {isa = PBXBuildFile; fileRef = 10FB8E62265FEAC8001D0E64 /* AppDelegate.swift */; };
		10FB8E65265FEAC8001D0E64 /* SceneDelegate.swift in Sources */ = {isa = PBXBuildFile; fileRef = 10FB8E64265FEAC8001D0E64 /* SceneDelegate.swift */; };
		10FB8E67265FEAC8001D0E64 /* ViewController.swift in Sources */ = {isa = PBXBuildFile; fileRef = 10FB8E66265FEAC8001D0E64 /* ViewController.swift */; };
		10FB8E6D265FEAC8001D0E64 /* MitraRuma.xcdatamodeld in Sources */ = {isa = PBXBuildFile; fileRef = 10FB8E6B265FEAC8001D0E64 /* MitraRuma.xcdatamodeld */; };
		10FB8E6F265FEAC9001D0E64 /* Assets.xcassets in Resources */ = {isa = PBXBuildFile; fileRef = 10FB8E6E265FEAC9001D0E64 /* Assets.xcassets */; };
		10FB8E72265FEAC9001D0E64 /* LaunchScreen.storyboard in Resources */ = {isa = PBXBuildFile; fileRef = 10FB8E70265FEAC9001D0E64 /* LaunchScreen.storyboard */; };
		10FE9FD42678BC8200A005FA /* GoogleService-Info.plist in Resources */ = {isa = PBXBuildFile; fileRef = 10FE9FD32678BC8200A005FA /* GoogleService-Info.plist */; };
		43AD33C09F8573DB1155649C /* Pods_MitraRuma.framework in Frameworks */ = {isa = PBXBuildFile; fileRef = C5A849433DFF8EFA459D38FE /* Pods_MitraRuma.framework */; };
/* End PBXBuildFile section */

/* Begin PBXFileReference section */
		10173FA1267310920000DAFB /* CoveragePresenter.swift */ = {isa = PBXFileReference; lastKnownFileType = sourcecode.swift; path = CoveragePresenter.swift; sourceTree = "<group>"; };
		10173FA3267311FA0000DAFB /* UIGroupEntity.swift */ = {isa = PBXFileReference; lastKnownFileType = sourcecode.swift; path = UIGroupEntity.swift; sourceTree = "<group>"; };
		10173FA626731C7C0000DAFB /* ApiClient.swift */ = {isa = PBXFileReference; lastKnownFileType = sourcecode.swift; path = ApiClient.swift; sourceTree = "<group>"; };
		10173FA826731C9C0000DAFB /* RequestCaller.swift */ = {isa = PBXFileReference; lastKnownFileType = sourcecode.swift; path = RequestCaller.swift; sourceTree = "<group>"; };
		10173FAA26731CD10000DAFB /* RawResponse.swift */ = {isa = PBXFileReference; lastKnownFileType = sourcecode.swift; path = RawResponse.swift; sourceTree = "<group>"; };
		10173FAC26731D550000DAFB /* CustomUserDefaults.swift */ = {isa = PBXFileReference; lastKnownFileType = sourcecode.swift; path = CustomUserDefaults.swift; sourceTree = "<group>"; };
		10173FAE26731E920000DAFB /* RequestModel.swift */ = {isa = PBXFileReference; lastKnownFileType = sourcecode.swift; path = RequestModel.swift; sourceTree = "<group>"; };
		10173FB026731ECB0000DAFB /* UserApiClient.swift */ = {isa = PBXFileReference; lastKnownFileType = sourcecode.swift; path = UserApiClient.swift; sourceTree = "<group>"; };
		10173FB326731F780000DAFB /* CustomRemoteEntity.swift */ = {isa = PBXFileReference; lastKnownFileType = sourcecode.swift; path = CustomRemoteEntity.swift; sourceTree = "<group>"; };
		10173FB526731F890000DAFB /* RemoteErrorEntity.swift */ = {isa = PBXFileReference; lastKnownFileType = sourcecode.swift; path = RemoteErrorEntity.swift; sourceTree = "<group>"; };
		10173FB726731FD80000DAFB /* RemoteUserEntity.swift */ = {isa = PBXFileReference; lastKnownFileType = sourcecode.swift; path = RemoteUserEntity.swift; sourceTree = "<group>"; };
		1019E2CA26888C1B00EB5DF9 /* ContentApiClient.swift */ = {isa = PBXFileReference; lastKnownFileType = sourcecode.swift; path = ContentApiClient.swift; sourceTree = "<group>"; };
		1019E2CC26888D2300EB5DF9 /* RemoteSelectionEntity.swift */ = {isa = PBXFileReference; lastKnownFileType = sourcecode.swift; path = RemoteSelectionEntity.swift; sourceTree = "<group>"; };
		1019E2CE26888D7E00EB5DF9 /* RemoteGroupEntity.swift */ = {isa = PBXFileReference; lastKnownFileType = sourcecode.swift; path = RemoteGroupEntity.swift; sourceTree = "<group>"; };
		1019E2D026888DE600EB5DF9 /* GetSkillSetUseCase.swift */ = {isa = PBXFileReference; lastKnownFileType = sourcecode.swift; path = GetSkillSetUseCase.swift; sourceTree = "<group>"; };
		1019E2D226888FBB00EB5DF9 /* GetCoverageUseCase.swift */ = {isa = PBXFileReference; lastKnownFileType = sourcecode.swift; path = GetCoverageUseCase.swift; sourceTree = "<group>"; };
		101A34532677A3D300C396C0 /* HomeViewController.swift */ = {isa = PBXFileReference; lastKnownFileType = sourcecode.swift; path = HomeViewController.swift; sourceTree = "<group>"; };
		101A34542677A3D300C396C0 /* HomeViewController.xib */ = {isa = PBXFileReference; lastKnownFileType = file.xib; path = HomeViewController.xib; sourceTree = "<group>"; };
		101A34582677AE6100C396C0 /* ParamsLoginEntity.swift */ = {isa = PBXFileReference; lastKnownFileType = sourcecode.swift; path = ParamsLoginEntity.swift; sourceTree = "<group>"; };
		101A345A2677AF3200C396C0 /* LoginPresenter.swift */ = {isa = PBXFileReference; lastKnownFileType = sourcecode.swift; path = LoginPresenter.swift; sourceTree = "<group>"; };
		101A345E2677AF9F00C396C0 /* BaseUseCase.swift */ = {isa = PBXFileReference; lastKnownFileType = sourcecode.swift; path = BaseUseCase.swift; sourceTree = "<group>"; };
		101A34602677AFFE00C396C0 /* PhoneLoginUseCase.swift */ = {isa = PBXFileReference; lastKnownFileType = sourcecode.swift; path = PhoneLoginUseCase.swift; sourceTree = "<group>"; };
		1027DD622688CFAC00E70798 /* LoginByGoogleUseCase.swift */ = {isa = PBXFileReference; lastKnownFileType = sourcecode.swift; path = LoginByGoogleUseCase.swift; sourceTree = "<group>"; };
		1027DD642688D2B700E70798 /* RemoteGoogleLoginEntity.swift */ = {isa = PBXFileReference; lastKnownFileType = sourcecode.swift; path = RemoteGoogleLoginEntity.swift; sourceTree = "<group>"; };
		103AF917266D1AD9009C561B /* Colors.xcassets */ = {isa = PBXFileReference; lastKnownFileType = folder.assetcatalog; path = Colors.xcassets; sourceTree = "<group>"; };
		103AF91A266D1FDF009C561B /* LoginViewController.swift */ = {isa = PBXFileReference; lastKnownFileType = sourcecode.swift; path = LoginViewController.swift; sourceTree = "<group>"; };
		103AF91B266D1FDF009C561B /* LoginViewController.xib */ = {isa = PBXFileReference; lastKnownFileType = file.xib; path = LoginViewController.xib; sourceTree = "<group>"; };
		103AF91F266D2071009C561B /* InputFieldView.swift */ = {isa = PBXFileReference; lastKnownFileType = sourcecode.swift; path = InputFieldView.swift; sourceTree = "<group>"; };
		103AF921266D208E009C561B /* InputFieldView.xib */ = {isa = PBXFileReference; lastKnownFileType = file.xib; path = InputFieldView.xib; sourceTree = "<group>"; };
		103AF923266D20FE009C561B /* UIExtension.swift */ = {isa = PBXFileReference; lastKnownFileType = sourcecode.swift; path = UIExtension.swift; sourceTree = "<group>"; };
		103AF925266D2128009C561B /* TapGestureRecognizer.swift */ = {isa = PBXFileReference; lastKnownFileType = sourcecode.swift; path = TapGestureRecognizer.swift; sourceTree = "<group>"; };
		103AF928266D3305009C561B /* OTPViewController.swift */ = {isa = PBXFileReference; lastKnownFileType = sourcecode.swift; path = OTPViewController.swift; sourceTree = "<group>"; };
		103AF929266D3305009C561B /* OTPViewController.xib */ = {isa = PBXFileReference; lastKnownFileType = file.xib; path = OTPViewController.xib; sourceTree = "<group>"; };
		103AF92C266D33D6009C561B /* SingleInputFieldView.swift */ = {isa = PBXFileReference; lastKnownFileType = sourcecode.swift; path = SingleInputFieldView.swift; sourceTree = "<group>"; };
		103AF92E266D33E7009C561B /* SingleInputFieldView.xib */ = {isa = PBXFileReference; lastKnownFileType = file.xib; path = SingleInputFieldView.xib; sourceTree = "<group>"; };
		1062B118267B9888004C9858 /* BannerCollectionViewCell.swift */ = {isa = PBXFileReference; lastKnownFileType = sourcecode.swift; path = BannerCollectionViewCell.swift; sourceTree = "<group>"; };
		1062B119267B9888004C9858 /* BannerCollectionViewCell.xib */ = {isa = PBXFileReference; lastKnownFileType = file.xib; path = BannerCollectionViewCell.xib; sourceTree = "<group>"; };
		1062B11C267B98E3004C9858 /* RemoteBannerEntity.swift */ = {isa = PBXFileReference; lastKnownFileType = sourcecode.swift; path = RemoteBannerEntity.swift; sourceTree = "<group>"; };
		1062B11E267B99DF004C9858 /* DashboardPresenter.swift */ = {isa = PBXFileReference; lastKnownFileType = sourcecode.swift; path = DashboardPresenter.swift; sourceTree = "<group>"; };
		1062B120267BA405004C9858 /* ParamsExtensionAttributesEntity.swift */ = {isa = PBXFileReference; lastKnownFileType = sourcecode.swift; path = ParamsExtensionAttributesEntity.swift; sourceTree = "<group>"; };
		1062B122267BADF8004C9858 /* PhoneRegisterApplicatorUseCase.swift */ = {isa = PBXFileReference; lastKnownFileType = sourcecode.swift; path = PhoneRegisterApplicatorUseCase.swift; sourceTree = "<group>"; };
		1062B124267BB29B004C9858 /* OTPPresenter.swift */ = {isa = PBXFileReference; lastKnownFileType = sourcecode.swift; path = OTPPresenter.swift; sourceTree = "<group>"; };
		1062B126267BB2CA004C9858 /* ParamsOTPEntity.swift */ = {isa = PBXFileReference; lastKnownFileType = sourcecode.swift; path = ParamsOTPEntity.swift; sourceTree = "<group>"; };
		1062B128267BB330004C9858 /* SendOTPUseCase.swift */ = {isa = PBXFileReference; lastKnownFileType = sourcecode.swift; path = SendOTPUseCase.swift; sourceTree = "<group>"; };
		10A56AD4266E35F40019516A /* DashboardViewController.swift */ = {isa = PBXFileReference; lastKnownFileType = sourcecode.swift; path = DashboardViewController.swift; sourceTree = "<group>"; };
		10A56AD5266E35F40019516A /* DashboardViewController.xib */ = {isa = PBXFileReference; lastKnownFileType = file.xib; path = DashboardViewController.xib; sourceTree = "<group>"; };
		10B9B89A26821B080067075D /* AccountViewController.swift */ = {isa = PBXFileReference; lastKnownFileType = sourcecode.swift; path = AccountViewController.swift; sourceTree = "<group>"; };
		10B9B89B26821B080067075D /* AccountViewController.xib */ = {isa = PBXFileReference; lastKnownFileType = file.xib; path = AccountViewController.xib; sourceTree = "<group>"; };
		10BE32E7267DB83600639C61 /* CategoryCollectionViewCell.swift */ = {isa = PBXFileReference; lastKnownFileType = sourcecode.swift; path = CategoryCollectionViewCell.swift; sourceTree = "<group>"; };
		10BE32E8267DB83600639C61 /* CategoryCollectionViewCell.xib */ = {isa = PBXFileReference; lastKnownFileType = file.xib; path = CategoryCollectionViewCell.xib; sourceTree = "<group>"; };
		10BE32EC267DC46A00639C61 /* NotificationViewController.swift */ = {isa = PBXFileReference; lastKnownFileType = sourcecode.swift; path = NotificationViewController.swift; sourceTree = "<group>"; };
		10BE32ED267DC46A00639C61 /* NotificationViewController.xib */ = {isa = PBXFileReference; lastKnownFileType = file.xib; path = NotificationViewController.xib; sourceTree = "<group>"; };
		10BE32F1267DC58100639C61 /* NotificationTableViewCell.swift */ = {isa = PBXFileReference; lastKnownFileType = sourcecode.swift; path = NotificationTableViewCell.swift; sourceTree = "<group>"; };
		10BE32F2267DC58100639C61 /* NotificationTableViewCell.xib */ = {isa = PBXFileReference; lastKnownFileType = file.xib; path = NotificationTableViewCell.xib; sourceTree = "<group>"; };
		10BE32F5267DC6DE00639C61 /* RemoteNotificationEntity.swift */ = {isa = PBXFileReference; lastKnownFileType = sourcecode.swift; path = RemoteNotificationEntity.swift; sourceTree = "<group>"; };
		10BE32F7267DC81700639C61 /* NotificationPresenter.swift */ = {isa = PBXFileReference; lastKnownFileType = sourcecode.swift; path = NotificationPresenter.swift; sourceTree = "<group>"; };
		10BE32FB267DCB1100639C61 /* TransactionViewController.swift */ = {isa = PBXFileReference; lastKnownFileType = sourcecode.swift; path = TransactionViewController.swift; sourceTree = "<group>"; };
		10BE32FC267DCB1100639C61 /* TransactionViewController.xib */ = {isa = PBXFileReference; lastKnownFileType = file.xib; path = TransactionViewController.xib; sourceTree = "<group>"; };
		10BFE155268B77FF00E92B41 /* ParamsUpdateProfileNameEntity.swift */ = {isa = PBXFileReference; lastKnownFileType = sourcecode.swift; path = ParamsUpdateProfileNameEntity.swift; sourceTree = "<group>"; };
		10BFE157268B780A00E92B41 /* ParamsUpdateProfileEmailEntity.swift */ = {isa = PBXFileReference; lastKnownFileType = sourcecode.swift; path = ParamsUpdateProfileEmailEntity.swift; sourceTree = "<group>"; };
		10BFE159268B78AB00E92B41 /* ParamsProfileEntity.swift */ = {isa = PBXFileReference; lastKnownFileType = sourcecode.swift; path = ParamsProfileEntity.swift; sourceTree = "<group>"; };
		10D131AB268B1E5000A286BF /* FormPresenter.swift */ = {isa = PBXFileReference; lastKnownFileType = sourcecode.swift; path = FormPresenter.swift; sourceTree = "<group>"; };
		10D131AD268B1F1C00A286BF /* ParamsUpdateProfilePhoneNumberEntity.swift */ = {isa = PBXFileReference; lastKnownFileType = sourcecode.swift; path = ParamsUpdateProfilePhoneNumberEntity.swift; sourceTree = "<group>"; };
		10D131AF268B20E800A286BF /* UpdateProfileUseCase.swift */ = {isa = PBXFileReference; lastKnownFileType = sourcecode.swift; path = UpdateProfileUseCase.swift; sourceTree = "<group>"; };
		10D131B1268B24D300A286BF /* ParamsUpdateAddressEntity.swift */ = {isa = PBXFileReference; lastKnownFileType = sourcecode.swift; path = ParamsUpdateAddressEntity.swift; sourceTree = "<group>"; };
		10D131B3268B25BC00A286BF /* RemoteAddressEntity.swift */ = {isa = PBXFileReference; lastKnownFileType = sourcecode.swift; path = RemoteAddressEntity.swift; sourceTree = "<group>"; };
		10D131B5268B277000A286BF /* GetAddressUseCase.swift */ = {isa = PBXFileReference; lastKnownFileType = sourcecode.swift; path = GetAddressUseCase.swift; sourceTree = "<group>"; };
		10D131B7268B279D00A286BF /* AddAddressUseCase.swift */ = {isa = PBXFileReference; lastKnownFileType = sourcecode.swift; path = AddAddressUseCase.swift; sourceTree = "<group>"; };
		10D131B9268B27D600A286BF /* UpdateAddressUseCase.swift */ = {isa = PBXFileReference; lastKnownFileType = sourcecode.swift; path = UpdateAddressUseCase.swift; sourceTree = "<group>"; };
		10D61EEB268A205200F336B9 /* RemoteOTPEntity.swift */ = {isa = PBXFileReference; lastKnownFileType = sourcecode.swift; path = RemoteOTPEntity.swift; sourceTree = "<group>"; };
		10D61EED268A23C600F336B9 /* UIUserEntity.swift */ = {isa = PBXFileReference; lastKnownFileType = sourcecode.swift; path = UIUserEntity.swift; sourceTree = "<group>"; };
		10D61EF0268A2ACA00F336B9 /* SettingViewController.swift */ = {isa = PBXFileReference; lastKnownFileType = sourcecode.swift; path = SettingViewController.swift; sourceTree = "<group>"; };
		10D61EF1268A2ACA00F336B9 /* SettingViewController.xib */ = {isa = PBXFileReference; lastKnownFileType = file.xib; path = SettingViewController.xib; sourceTree = "<group>"; };
		10D61EF4268A2E7E00F336B9 /* SingleInputFieldWithTitleView.swift */ = {isa = PBXFileReference; lastKnownFileType = sourcecode.swift; path = SingleInputFieldWithTitleView.swift; sourceTree = "<group>"; };
		10D61EF6268A2E8F00F336B9 /* SingleInputFieldWithTitleView.xib */ = {isa = PBXFileReference; lastKnownFileType = file.xib; path = SingleInputFieldWithTitleView.xib; sourceTree = "<group>"; };
		10D61EFA268A308600F336B9 /* FormViewController.swift */ = {isa = PBXFileReference; lastKnownFileType = sourcecode.swift; path = FormViewController.swift; sourceTree = "<group>"; };
		10D61EFB268A308600F336B9 /* FormViewController.xib */ = {isa = PBXFileReference; lastKnownFileType = file.xib; path = FormViewController.xib; sourceTree = "<group>"; };
		10D61EFE268A320900F336B9 /* UIFormBuilderEntity.swift */ = {isa = PBXFileReference; lastKnownFileType = sourcecode.swift; path = UIFormBuilderEntity.swift; sourceTree = "<group>"; };
		10D61F01268A326100F336B9 /* FormTableViewCell.swift */ = {isa = PBXFileReference; lastKnownFileType = sourcecode.swift; path = FormTableViewCell.swift; sourceTree = "<group>"; };
		10D61F02268A326100F336B9 /* FormTableViewCell.xib */ = {isa = PBXFileReference; lastKnownFileType = file.xib; path = FormTableViewCell.xib; sourceTree = "<group>"; };
		10F3B7FA2677B33300FA7601 /* PhoneRegisterUseCase.swift */ = {isa = PBXFileReference; lastKnownFileType = sourcecode.swift; path = PhoneRegisterUseCase.swift; sourceTree = "<group>"; };
		10FAC8D2267261FE00538D6C /* SelectSkillViewController.swift */ = {isa = PBXFileReference; lastKnownFileType = sourcecode.swift; path = SelectSkillViewController.swift; sourceTree = "<group>"; };
		10FAC8D3267261FE00538D6C /* SelectSkillViewController.xib */ = {isa = PBXFileReference; lastKnownFileType = file.xib; path = SelectSkillViewController.xib; sourceTree = "<group>"; };
		10FAC8D7267264E000538D6C /* SelectionTableViewCell.swift */ = {isa = PBXFileReference; lastKnownFileType = sourcecode.swift; path = SelectionTableViewCell.swift; sourceTree = "<group>"; };
		10FAC8D8267264E000538D6C /* SelectionTableViewCell.xib */ = {isa = PBXFileReference; lastKnownFileType = file.xib; path = SelectionTableViewCell.xib; sourceTree = "<group>"; };
		10FAC8DB267264ED00538D6C /* TitleTableViewCell.swift */ = {isa = PBXFileReference; lastKnownFileType = sourcecode.swift; path = TitleTableViewCell.swift; sourceTree = "<group>"; };
		10FAC8DC267264ED00538D6C /* TitleTableViewCell.xib */ = {isa = PBXFileReference; lastKnownFileType = file.xib; path = TitleTableViewCell.xib; sourceTree = "<group>"; };
		10FAC8DF267265D300538D6C /* UIPickerEntity.swift */ = {isa = PBXFileReference; lastKnownFileType = sourcecode.swift; path = UIPickerEntity.swift; sourceTree = "<group>"; };
		10FAC8E12672672300538D6C /* SelectSkillPresenter.swift */ = {isa = PBXFileReference; lastKnownFileType = sourcecode.swift; path = SelectSkillPresenter.swift; sourceTree = "<group>"; };
		10FAC8E92672740100538D6C /* CoverageViewController.swift */ = {isa = PBXFileReference; lastKnownFileType = sourcecode.swift; path = CoverageViewController.swift; sourceTree = "<group>"; };
		10FAC8EA2672740100538D6C /* CoverageViewController.xib */ = {isa = PBXFileReference; lastKnownFileType = file.xib; path = CoverageViewController.xib; sourceTree = "<group>"; };
		10FAC8EE2672759100538D6C /* SearchTableViewCell.swift */ = {isa = PBXFileReference; lastKnownFileType = sourcecode.swift; path = SearchTableViewCell.swift; sourceTree = "<group>"; };
		10FAC8EF2672759100538D6C /* SearchTableViewCell.xib */ = {isa = PBXFileReference; lastKnownFileType = file.xib; path = SearchTableViewCell.xib; sourceTree = "<group>"; };
		10FAF114266A8AD0002640BE /* OnBoardingViewController.swift */ = {isa = PBXFileReference; lastKnownFileType = sourcecode.swift; path = OnBoardingViewController.swift; sourceTree = "<group>"; };
		10FAF115266A8AD0002640BE /* OnBoardingViewController.xib */ = {isa = PBXFileReference; lastKnownFileType = file.xib; path = OnBoardingViewController.xib; sourceTree = "<group>"; };
		10FAF11E266A8C38002640BE /* UISliderEntity.swift */ = {isa = PBXFileReference; lastKnownFileType = sourcecode.swift; path = UISliderEntity.swift; sourceTree = "<group>"; };
		10FAF120266A8EE4002640BE /* SliderContentCollectionViewCell.swift */ = {isa = PBXFileReference; lastKnownFileType = sourcecode.swift; path = SliderContentCollectionViewCell.swift; sourceTree = "<group>"; };
		10FAF121266A8EE4002640BE /* SliderContentCollectionViewCell.xib */ = {isa = PBXFileReference; lastKnownFileType = file.xib; path = SliderContentCollectionViewCell.xib; sourceTree = "<group>"; };
		10FAF125266A9099002640BE /* UIGenerator.swift */ = {isa = PBXFileReference; lastKnownFileType = sourcecode.swift; path = UIGenerator.swift; sourceTree = "<group>"; };
		10FB8E5F265FEAC8001D0E64 /* MitraRuma.app */ = {isa = PBXFileReference; explicitFileType = wrapper.application; includeInIndex = 0; path = MitraRuma.app; sourceTree = BUILT_PRODUCTS_DIR; };
		10FB8E62265FEAC8001D0E64 /* AppDelegate.swift */ = {isa = PBXFileReference; lastKnownFileType = sourcecode.swift; path = AppDelegate.swift; sourceTree = "<group>"; };
		10FB8E64265FEAC8001D0E64 /* SceneDelegate.swift */ = {isa = PBXFileReference; lastKnownFileType = sourcecode.swift; path = SceneDelegate.swift; sourceTree = "<group>"; };
		10FB8E66265FEAC8001D0E64 /* ViewController.swift */ = {isa = PBXFileReference; lastKnownFileType = sourcecode.swift; path = ViewController.swift; sourceTree = "<group>"; };
		10FB8E6C265FEAC8001D0E64 /* MitraRuma.xcdatamodel */ = {isa = PBXFileReference; lastKnownFileType = wrapper.xcdatamodel; path = MitraRuma.xcdatamodel; sourceTree = "<group>"; };
		10FB8E6E265FEAC9001D0E64 /* Assets.xcassets */ = {isa = PBXFileReference; lastKnownFileType = folder.assetcatalog; path = Assets.xcassets; sourceTree = "<group>"; };
		10FB8E71265FEAC9001D0E64 /* Base */ = {isa = PBXFileReference; lastKnownFileType = file.storyboard; name = Base; path = Base.lproj/LaunchScreen.storyboard; sourceTree = "<group>"; };
		10FB8E73265FEAC9001D0E64 /* Info.plist */ = {isa = PBXFileReference; lastKnownFileType = text.plist.xml; path = Info.plist; sourceTree = "<group>"; };
		10FE9FD32678BC8200A005FA /* GoogleService-Info.plist */ = {isa = PBXFileReference; fileEncoding = 4; lastKnownFileType = text.plist.xml; path = "GoogleService-Info.plist"; sourceTree = "<group>"; };
		6806E69678042BD95BDE0942 /* Pods-MitraRuma.release.xcconfig */ = {isa = PBXFileReference; includeInIndex = 1; lastKnownFileType = text.xcconfig; name = "Pods-MitraRuma.release.xcconfig"; path = "Target Support Files/Pods-MitraRuma/Pods-MitraRuma.release.xcconfig"; sourceTree = "<group>"; };
		C5A849433DFF8EFA459D38FE /* Pods_MitraRuma.framework */ = {isa = PBXFileReference; explicitFileType = wrapper.framework; includeInIndex = 0; path = Pods_MitraRuma.framework; sourceTree = BUILT_PRODUCTS_DIR; };
		EACE7840FC85CD7C7558920D /* Pods-MitraRuma.debug.xcconfig */ = {isa = PBXFileReference; includeInIndex = 1; lastKnownFileType = text.xcconfig; name = "Pods-MitraRuma.debug.xcconfig"; path = "Target Support Files/Pods-MitraRuma/Pods-MitraRuma.debug.xcconfig"; sourceTree = "<group>"; };
/* End PBXFileReference section */

/* Begin PBXFrameworksBuildPhase section */
		10FB8E5C265FEAC8001D0E64 /* Frameworks */ = {
			isa = PBXFrameworksBuildPhase;
			buildActionMask = 2147483647;
			files = (
				43AD33C09F8573DB1155649C /* Pods_MitraRuma.framework in Frameworks */,
			);
			runOnlyForDeploymentPostprocessing = 0;
		};
/* End PBXFrameworksBuildPhase section */

/* Begin PBXGroup section */
		10173FA526731C730000DAFB /* manager */ = {
			isa = PBXGroup;
			children = (
				10173FA626731C7C0000DAFB /* ApiClient.swift */,
				10173FA826731C9C0000DAFB /* RequestCaller.swift */,
				10173FAA26731CD10000DAFB /* RawResponse.swift */,
				10173FAE26731E920000DAFB /* RequestModel.swift */,
				10173FB026731ECB0000DAFB /* UserApiClient.swift */,
				1019E2CA26888C1B00EB5DF9 /* ContentApiClient.swift */,
			);
			path = manager;
			sourceTree = "<group>";
		};
		10173FB226731F6F0000DAFB /* remote */ = {
			isa = PBXGroup;
			children = (
				10173FB326731F780000DAFB /* CustomRemoteEntity.swift */,
				10173FB526731F890000DAFB /* RemoteErrorEntity.swift */,
				10173FB726731FD80000DAFB /* RemoteUserEntity.swift */,
				1062B11C267B98E3004C9858 /* RemoteBannerEntity.swift */,
				10BE32F5267DC6DE00639C61 /* RemoteNotificationEntity.swift */,
				1019E2CC26888D2300EB5DF9 /* RemoteSelectionEntity.swift */,
				1019E2CE26888D7E00EB5DF9 /* RemoteGroupEntity.swift */,
				1027DD642688D2B700E70798 /* RemoteGoogleLoginEntity.swift */,
				10D61EEB268A205200F336B9 /* RemoteOTPEntity.swift */,
				10D131B3268B25BC00A286BF /* RemoteAddressEntity.swift */,
			);
			path = remote;
			sourceTree = "<group>";
		};
		101A34522677A3C100C396C0 /* home */ = {
			isa = PBXGroup;
			children = (
				101A34532677A3D300C396C0 /* HomeViewController.swift */,
				101A34542677A3D300C396C0 /* HomeViewController.xib */,
			);
			path = home;
			sourceTree = "<group>";
		};
		101A34572677AE5300C396C0 /* params */ = {
			isa = PBXGroup;
			children = (
				101A34582677AE6100C396C0 /* ParamsLoginEntity.swift */,
				1062B120267BA405004C9858 /* ParamsExtensionAttributesEntity.swift */,
				1062B126267BB2CA004C9858 /* ParamsOTPEntity.swift */,
				10D131AD268B1F1C00A286BF /* ParamsUpdateProfilePhoneNumberEntity.swift */,
				10D131B1268B24D300A286BF /* ParamsUpdateAddressEntity.swift */,
				10BFE155268B77FF00E92B41 /* ParamsUpdateProfileNameEntity.swift */,
				10BFE157268B780A00E92B41 /* ParamsUpdateProfileEmailEntity.swift */,
				10BFE159268B78AB00E92B41 /* ParamsProfileEntity.swift */,
			);
			path = params;
			sourceTree = "<group>";
		};
		101A345C2677AF9100C396C0 /* usecase */ = {
			isa = PBXGroup;
			children = (
				101A345D2677AF9800C396C0 /* base */,
				101A34602677AFFE00C396C0 /* PhoneLoginUseCase.swift */,
				10F3B7FA2677B33300FA7601 /* PhoneRegisterUseCase.swift */,
				1062B122267BADF8004C9858 /* PhoneRegisterApplicatorUseCase.swift */,
				1062B128267BB330004C9858 /* SendOTPUseCase.swift */,
				1019E2D026888DE600EB5DF9 /* GetSkillSetUseCase.swift */,
				1019E2D226888FBB00EB5DF9 /* GetCoverageUseCase.swift */,
				1027DD622688CFAC00E70798 /* LoginByGoogleUseCase.swift */,
				10D131AF268B20E800A286BF /* UpdateProfileUseCase.swift */,
				10D131B5268B277000A286BF /* GetAddressUseCase.swift */,
				10D131B7268B279D00A286BF /* AddAddressUseCase.swift */,
				10D131B9268B27D600A286BF /* UpdateAddressUseCase.swift */,
			);
			path = usecase;
			sourceTree = "<group>";
		};
		101A345D2677AF9800C396C0 /* base */ = {
			isa = PBXGroup;
			children = (
				101A345E2677AF9F00C396C0 /* BaseUseCase.swift */,
			);
			path = base;
			sourceTree = "<group>";
		};
		103AF919266D1FA9009C561B /* login */ = {
			isa = PBXGroup;
			children = (
				103AF91A266D1FDF009C561B /* LoginViewController.swift */,
				103AF91B266D1FDF009C561B /* LoginViewController.xib */,
				101A345A2677AF3200C396C0 /* LoginPresenter.swift */,
			);
			path = login;
			sourceTree = "<group>";
		};
		103AF91E266D2059009C561B /* view */ = {
			isa = PBXGroup;
			children = (
				103AF91F266D2071009C561B /* InputFieldView.swift */,
				103AF921266D208E009C561B /* InputFieldView.xib */,
				103AF92C266D33D6009C561B /* SingleInputFieldView.swift */,
				103AF92E266D33E7009C561B /* SingleInputFieldView.xib */,
				10D61EF4268A2E7E00F336B9 /* SingleInputFieldWithTitleView.swift */,
				10D61EF6268A2E8F00F336B9 /* SingleInputFieldWithTitleView.xib */,
			);
			path = view;
			sourceTree = "<group>";
		};
		103AF927266D32EF009C561B /* otp */ = {
			isa = PBXGroup;
			children = (
				103AF928266D3305009C561B /* OTPViewController.swift */,
				103AF929266D3305009C561B /* OTPViewController.xib */,
				1062B124267BB29B004C9858 /* OTPPresenter.swift */,
			);
			path = otp;
			sourceTree = "<group>";
		};
		1062B117267B9876004C9858 /* cell */ = {
			isa = PBXGroup;
			children = (
				1062B118267B9888004C9858 /* BannerCollectionViewCell.swift */,
				1062B119267B9888004C9858 /* BannerCollectionViewCell.xib */,
				10BE32E7267DB83600639C61 /* CategoryCollectionViewCell.swift */,
				10BE32E8267DB83600639C61 /* CategoryCollectionViewCell.xib */,
			);
			path = cell;
			sourceTree = "<group>";
		};
		10A56AD3266E35E20019516A /* dashboard */ = {
			isa = PBXGroup;
			children = (
				1062B117267B9876004C9858 /* cell */,
				10A56AD4266E35F40019516A /* DashboardViewController.swift */,
				10A56AD5266E35F40019516A /* DashboardViewController.xib */,
				1062B11E267B99DF004C9858 /* DashboardPresenter.swift */,
			);
			path = dashboard;
			sourceTree = "<group>";
		};
		10BE32EB267DC45800639C61 /* notification */ = {
			isa = PBXGroup;
			children = (
				10BE32F0267DC57200639C61 /* cell */,
				10BE32EC267DC46A00639C61 /* NotificationViewController.swift */,
				10BE32ED267DC46A00639C61 /* NotificationViewController.xib */,
				10BE32F7267DC81700639C61 /* NotificationPresenter.swift */,
			);
			path = notification;
			sourceTree = "<group>";
		};
		10BE32F0267DC57200639C61 /* cell */ = {
			isa = PBXGroup;
			children = (
				10BE32F1267DC58100639C61 /* NotificationTableViewCell.swift */,
				10BE32F2267DC58100639C61 /* NotificationTableViewCell.xib */,
			);
			path = cell;
			sourceTree = "<group>";
		};
		10BE32F9267DCAE100639C61 /* transaction */ = {
			isa = PBXGroup;
			children = (
				10BE32FB267DCB1100639C61 /* TransactionViewController.swift */,
				10BE32FC267DCB1100639C61 /* TransactionViewController.xib */,
			);
			path = transaction;
			sourceTree = "<group>";
		};
		10BE32FA267DCAE500639C61 /* account */ = {
			isa = PBXGroup;
			children = (
				10B9B89A26821B080067075D /* AccountViewController.swift */,
				10B9B89B26821B080067075D /* AccountViewController.xib */,
			);
			path = account;
			sourceTree = "<group>";
		};
		10D61EEF268A2AB700F336B9 /* setting */ = {
			isa = PBXGroup;
			children = (
				10D61EF0268A2ACA00F336B9 /* SettingViewController.swift */,
				10D61EF1268A2ACA00F336B9 /* SettingViewController.xib */,
			);
			path = setting;
			sourceTree = "<group>";
		};
		10D61EF9268A306A00F336B9 /* selection */ = {
			isa = PBXGroup;
			children = (
				10D61F00268A324C00F336B9 /* cell */,
				10D61EFA268A308600F336B9 /* FormViewController.swift */,
				10D61EFB268A308600F336B9 /* FormViewController.xib */,
				10D131AB268B1E5000A286BF /* FormPresenter.swift */,
			);
			path = selection;
			sourceTree = "<group>";
		};
		10D61F00268A324C00F336B9 /* cell */ = {
			isa = PBXGroup;
			children = (
				10D61F01268A326100F336B9 /* FormTableViewCell.swift */,
				10D61F02268A326100F336B9 /* FormTableViewCell.xib */,
			);
			path = cell;
			sourceTree = "<group>";
		};
		10FAC8D1267261ED00538D6C /* selectskill */ = {
			isa = PBXGroup;
			children = (
				10FAC8D6267264CD00538D6C /* cell */,
				10FAC8D2267261FE00538D6C /* SelectSkillViewController.swift */,
				10FAC8D3267261FE00538D6C /* SelectSkillViewController.xib */,
				10FAC8E12672672300538D6C /* SelectSkillPresenter.swift */,
			);
			path = selectskill;
			sourceTree = "<group>";
		};
		10FAC8D6267264CD00538D6C /* cell */ = {
			isa = PBXGroup;
			children = (
				10FAC8D7267264E000538D6C /* SelectionTableViewCell.swift */,
				10FAC8D8267264E000538D6C /* SelectionTableViewCell.xib */,
				10FAC8DB267264ED00538D6C /* TitleTableViewCell.swift */,
				10FAC8DC267264ED00538D6C /* TitleTableViewCell.xib */,
			);
			path = cell;
			sourceTree = "<group>";
		};
		10FAC8E8267273F400538D6C /* coverage */ = {
			isa = PBXGroup;
			children = (
				10FAC8ED2672757F00538D6C /* cell */,
				10FAC8E92672740100538D6C /* CoverageViewController.swift */,
				10FAC8EA2672740100538D6C /* CoverageViewController.xib */,
				10173FA1267310920000DAFB /* CoveragePresenter.swift */,
			);
			path = coverage;
			sourceTree = "<group>";
		};
		10FAC8ED2672757F00538D6C /* cell */ = {
			isa = PBXGroup;
			children = (
				10FAC8EE2672759100538D6C /* SearchTableViewCell.swift */,
				10FAC8EF2672759100538D6C /* SearchTableViewCell.xib */,
			);
			path = cell;
			sourceTree = "<group>";
		};
		10FAF112266A8AAB002640BE /* screen */ = {
			isa = PBXGroup;
			children = (
				10D61EF9268A306A00F336B9 /* selection */,
				10D61EEF268A2AB700F336B9 /* setting */,
				10BE32FA267DCAE500639C61 /* account */,
				10BE32F9267DCAE100639C61 /* transaction */,
				10BE32EB267DC45800639C61 /* notification */,
				101A34522677A3C100C396C0 /* home */,
				10FAC8E8267273F400538D6C /* coverage */,
				10FAC8D1267261ED00538D6C /* selectskill */,
				10A56AD3266E35E20019516A /* dashboard */,
				103AF927266D32EF009C561B /* otp */,
				103AF919266D1FA9009C561B /* login */,
				10FAF113266A8ABE002640BE /* onboarding */,
			);
			path = screen;
			sourceTree = "<group>";
		};
		10FAF113266A8ABE002640BE /* onboarding */ = {
			isa = PBXGroup;
			children = (
				10FAF118266A8ADE002640BE /* content */,
				10FAF114266A8AD0002640BE /* OnBoardingViewController.swift */,
				10FAF115266A8AD0002640BE /* OnBoardingViewController.xib */,
			);
			path = onboarding;
			sourceTree = "<group>";
		};
		10FAF118266A8ADE002640BE /* content */ = {
			isa = PBXGroup;
			children = (
				10FAF120266A8EE4002640BE /* SliderContentCollectionViewCell.swift */,
				10FAF121266A8EE4002640BE /* SliderContentCollectionViewCell.xib */,
			);
			path = content;
			sourceTree = "<group>";
		};
		10FAF11D266A8C28002640BE /* entity */ = {
			isa = PBXGroup;
			children = (
				101A34572677AE5300C396C0 /* params */,
				10173FB226731F6F0000DAFB /* remote */,
				10FAF11E266A8C38002640BE /* UISliderEntity.swift */,
				10173FA3267311FA0000DAFB /* UIGroupEntity.swift */,
				10FAC8DF267265D300538D6C /* UIPickerEntity.swift */,
				10D61EED268A23C600F336B9 /* UIUserEntity.swift */,
				10D61EFE268A320900F336B9 /* UIFormBuilderEntity.swift */,
			);
			path = entity;
			sourceTree = "<group>";
		};
		10FAF124266A908A002640BE /* support */ = {
			isa = PBXGroup;
			children = (
				10FAF125266A9099002640BE /* UIGenerator.swift */,
				103AF923266D20FE009C561B /* UIExtension.swift */,
				103AF925266D2128009C561B /* TapGestureRecognizer.swift */,
				10173FAC26731D550000DAFB /* CustomUserDefaults.swift */,
			);
			path = support;
			sourceTree = "<group>";
		};
		10FB8E56265FEAC8001D0E64 = {
			isa = PBXGroup;
			children = (
				10FB8E61265FEAC8001D0E64 /* MitraRuma */,
				10FB8E60265FEAC8001D0E64 /* Products */,
				E672392CD4E3792D7E132B47 /* Pods */,
				8CFFF48DFB38E2AAF9C47503 /* Frameworks */,
			);
			sourceTree = "<group>";
		};
		10FB8E60265FEAC8001D0E64 /* Products */ = {
			isa = PBXGroup;
			children = (
				10FB8E5F265FEAC8001D0E64 /* MitraRuma.app */,
			);
			name = Products;
			sourceTree = "<group>";
		};
		10FB8E61265FEAC8001D0E64 /* MitraRuma */ = {
			isa = PBXGroup;
			children = (
				10FE9FD32678BC8200A005FA /* GoogleService-Info.plist */,
				101A345C2677AF9100C396C0 /* usecase */,
				10173FA526731C730000DAFB /* manager */,
				103AF91E266D2059009C561B /* view */,
				10FAF124266A908A002640BE /* support */,
				10FAF11D266A8C28002640BE /* entity */,
				10FAF112266A8AAB002640BE /* screen */,
				10FB8E62265FEAC8001D0E64 /* AppDelegate.swift */,
				10FB8E64265FEAC8001D0E64 /* SceneDelegate.swift */,
				10FB8E66265FEAC8001D0E64 /* ViewController.swift */,
				10FB8E6E265FEAC9001D0E64 /* Assets.xcassets */,
				10FB8E70265FEAC9001D0E64 /* LaunchScreen.storyboard */,
				10FB8E73265FEAC9001D0E64 /* Info.plist */,
				10FB8E6B265FEAC8001D0E64 /* MitraRuma.xcdatamodeld */,
				103AF917266D1AD9009C561B /* Colors.xcassets */,
			);
			path = MitraRuma;
			sourceTree = "<group>";
		};
		8CFFF48DFB38E2AAF9C47503 /* Frameworks */ = {
			isa = PBXGroup;
			children = (
				C5A849433DFF8EFA459D38FE /* Pods_MitraRuma.framework */,
			);
			name = Frameworks;
			sourceTree = "<group>";
		};
		E672392CD4E3792D7E132B47 /* Pods */ = {
			isa = PBXGroup;
			children = (
				EACE7840FC85CD7C7558920D /* Pods-MitraRuma.debug.xcconfig */,
				6806E69678042BD95BDE0942 /* Pods-MitraRuma.release.xcconfig */,
			);
			path = Pods;
			sourceTree = "<group>";
		};
/* End PBXGroup section */

/* Begin PBXNativeTarget section */
		10FB8E5E265FEAC8001D0E64 /* MitraRuma */ = {
			isa = PBXNativeTarget;
			buildConfigurationList = 10FB8E76265FEAC9001D0E64 /* Build configuration list for PBXNativeTarget "MitraRuma" */;
			buildPhases = (
				14C3EDFF7D297C95DA610E39 /* [CP] Check Pods Manifest.lock */,
				10FB8E5B265FEAC8001D0E64 /* Sources */,
				10FB8E5C265FEAC8001D0E64 /* Frameworks */,
				10FB8E5D265FEAC8001D0E64 /* Resources */,
				602FA81F8E75873CAB793B5F /* [CP] Embed Pods Frameworks */,
				1C857496ACF9181366ED03FE /* [CP] Copy Pods Resources */,
			);
			buildRules = (
			);
			dependencies = (
			);
			name = MitraRuma;
			productName = MitraRuma;
			productReference = 10FB8E5F265FEAC8001D0E64 /* MitraRuma.app */;
			productType = "com.apple.product-type.application";
		};
/* End PBXNativeTarget section */

/* Begin PBXProject section */
		10FB8E57265FEAC8001D0E64 /* Project object */ = {
			isa = PBXProject;
			attributes = {
				LastSwiftUpdateCheck = 1250;
				LastUpgradeCheck = 1250;
				TargetAttributes = {
					10FB8E5E265FEAC8001D0E64 = {
						CreatedOnToolsVersion = 12.5;
					};
				};
			};
			buildConfigurationList = 10FB8E5A265FEAC8001D0E64 /* Build configuration list for PBXProject "MitraRuma" */;
			compatibilityVersion = "Xcode 9.3";
			developmentRegion = en;
			hasScannedForEncodings = 0;
			knownRegions = (
				en,
				Base,
			);
			mainGroup = 10FB8E56265FEAC8001D0E64;
			productRefGroup = 10FB8E60265FEAC8001D0E64 /* Products */;
			projectDirPath = "";
			projectRoot = "";
			targets = (
				10FB8E5E265FEAC8001D0E64 /* MitraRuma */,
			);
		};
/* End PBXProject section */

/* Begin PBXResourcesBuildPhase section */
		10FB8E5D265FEAC8001D0E64 /* Resources */ = {
			isa = PBXResourcesBuildPhase;
			buildActionMask = 2147483647;
			files = (
				10FAC8EC2672740100538D6C /* CoverageViewController.xib in Resources */,
				10FAC8F12672759100538D6C /* SearchTableViewCell.xib in Resources */,
				10FAC8D5267261FE00538D6C /* SelectSkillViewController.xib in Resources */,
				10BE32FE267DCB1100639C61 /* TransactionViewController.xib in Resources */,
				103AF92F266D33E7009C561B /* SingleInputFieldView.xib in Resources */,
				1062B11B267B9888004C9858 /* BannerCollectionViewCell.xib in Resources */,
				10BE32F4267DC58100639C61 /* NotificationTableViewCell.xib in Resources */,
				10D61EF3268A2ACA00F336B9 /* SettingViewController.xib in Resources */,
				10BE32EF267DC46A00639C61 /* NotificationViewController.xib in Resources */,
				10D61EF7268A2E8F00F336B9 /* SingleInputFieldWithTitleView.xib in Resources */,
				103AF92B266D3305009C561B /* OTPViewController.xib in Resources */,
				103AF918266D1AD9009C561B /* Colors.xcassets in Resources */,
				10FAC8DA267264E000538D6C /* SelectionTableViewCell.xib in Resources */,
				10FB8E72265FEAC9001D0E64 /* LaunchScreen.storyboard in Resources */,
				10D61F04268A326100F336B9 /* FormTableViewCell.xib in Resources */,
				103AF91D266D1FDF009C561B /* LoginViewController.xib in Resources */,
				10FB8E6F265FEAC9001D0E64 /* Assets.xcassets in Resources */,
				10FAF117266A8AD0002640BE /* OnBoardingViewController.xib in Resources */,
				10FE9FD42678BC8200A005FA /* GoogleService-Info.plist in Resources */,
				10FAC8DE267264ED00538D6C /* TitleTableViewCell.xib in Resources */,
				101A34562677A3D300C396C0 /* HomeViewController.xib in Resources */,
				10D61EFD268A308600F336B9 /* FormViewController.xib in Resources */,
				10BE32EA267DB83600639C61 /* CategoryCollectionViewCell.xib in Resources */,
				10A56AD7266E35F40019516A /* DashboardViewController.xib in Resources */,
				10FAF123266A8EE4002640BE /* SliderContentCollectionViewCell.xib in Resources */,
				10B9B89D26821B080067075D /* AccountViewController.xib in Resources */,
				103AF922266D208E009C561B /* InputFieldView.xib in Resources */,
			);
			runOnlyForDeploymentPostprocessing = 0;
		};
/* End PBXResourcesBuildPhase section */

/* Begin PBXShellScriptBuildPhase section */
		14C3EDFF7D297C95DA610E39 /* [CP] Check Pods Manifest.lock */ = {
			isa = PBXShellScriptBuildPhase;
			buildActionMask = 2147483647;
			files = (
			);
			inputFileListPaths = (
			);
			inputPaths = (
				"${PODS_PODFILE_DIR_PATH}/Podfile.lock",
				"${PODS_ROOT}/Manifest.lock",
			);
			name = "[CP] Check Pods Manifest.lock";
			outputFileListPaths = (
			);
			outputPaths = (
				"$(DERIVED_FILE_DIR)/Pods-MitraRuma-checkManifestLockResult.txt",
			);
			runOnlyForDeploymentPostprocessing = 0;
			shellPath = /bin/sh;
			shellScript = "diff \"${PODS_PODFILE_DIR_PATH}/Podfile.lock\" \"${PODS_ROOT}/Manifest.lock\" > /dev/null\nif [ $? != 0 ] ; then\n    # print error to STDERR\n    echo \"error: The sandbox is not in sync with the Podfile.lock. Run 'pod install' or update your CocoaPods installation.\" >&2\n    exit 1\nfi\n# This output is used by Xcode 'outputs' to avoid re-running this script phase.\necho \"SUCCESS\" > \"${SCRIPT_OUTPUT_FILE_0}\"\n";
			showEnvVarsInLog = 0;
		};
		1C857496ACF9181366ED03FE /* [CP] Copy Pods Resources */ = {
			isa = PBXShellScriptBuildPhase;
			buildActionMask = 2147483647;
			files = (
			);
			inputFileListPaths = (
				"${PODS_ROOT}/Target Support Files/Pods-MitraRuma/Pods-MitraRuma-resources-${CONFIGURATION}-input-files.xcfilelist",
			);
			name = "[CP] Copy Pods Resources";
			outputFileListPaths = (
				"${PODS_ROOT}/Target Support Files/Pods-MitraRuma/Pods-MitraRuma-resources-${CONFIGURATION}-output-files.xcfilelist",
			);
			runOnlyForDeploymentPostprocessing = 0;
			shellPath = /bin/sh;
			shellScript = "\"${PODS_ROOT}/Target Support Files/Pods-MitraRuma/Pods-MitraRuma-resources.sh\"\n";
			showEnvVarsInLog = 0;
		};
		602FA81F8E75873CAB793B5F /* [CP] Embed Pods Frameworks */ = {
			isa = PBXShellScriptBuildPhase;
			buildActionMask = 2147483647;
			files = (
			);
			inputFileListPaths = (
				"${PODS_ROOT}/Target Support Files/Pods-MitraRuma/Pods-MitraRuma-frameworks-${CONFIGURATION}-input-files.xcfilelist",
			);
			name = "[CP] Embed Pods Frameworks";
			outputFileListPaths = (
				"${PODS_ROOT}/Target Support Files/Pods-MitraRuma/Pods-MitraRuma-frameworks-${CONFIGURATION}-output-files.xcfilelist",
			);
			runOnlyForDeploymentPostprocessing = 0;
			shellPath = /bin/sh;
			shellScript = "\"${PODS_ROOT}/Target Support Files/Pods-MitraRuma/Pods-MitraRuma-frameworks.sh\"\n";
			showEnvVarsInLog = 0;
		};
/* End PBXShellScriptBuildPhase section */

/* Begin PBXSourcesBuildPhase section */
		10FB8E5B265FEAC8001D0E64 /* Sources */ = {
			isa = PBXSourcesBuildPhase;
			buildActionMask = 2147483647;
			files = (
				10BE32F6267DC6DE00639C61 /* RemoteNotificationEntity.swift in Sources */,
				103AF91C266D1FDF009C561B /* LoginViewController.swift in Sources */,
				1062B121267BA405004C9858 /* ParamsExtensionAttributesEntity.swift in Sources */,
				10173FA2267310920000DAFB /* CoveragePresenter.swift in Sources */,
				10FAC8D9267264E000538D6C /* SelectionTableViewCell.swift in Sources */,
				1062B125267BB29B004C9858 /* OTPPresenter.swift in Sources */,
				1062B129267BB330004C9858 /* SendOTPUseCase.swift in Sources */,
				10FAF11F266A8C38002640BE /* UISliderEntity.swift in Sources */,
				10BFE15A268B78AB00E92B41 /* ParamsProfileEntity.swift in Sources */,
				10D131B8268B279D00A286BF /* AddAddressUseCase.swift in Sources */,
				10B9B89C26821B080067075D /* AccountViewController.swift in Sources */,
				103AF92A266D3305009C561B /* OTPViewController.swift in Sources */,
				10D131B4268B25BC00A286BF /* RemoteAddressEntity.swift in Sources */,
				101A34552677A3D300C396C0 /* HomeViewController.swift in Sources */,
				1027DD652688D2B700E70798 /* RemoteGoogleLoginEntity.swift in Sources */,
				10D131B2268B24D300A286BF /* ParamsUpdateAddressEntity.swift in Sources */,
				10D61EFC268A308600F336B9 /* FormViewController.swift in Sources */,
				10173FAF26731E920000DAFB /* RequestModel.swift in Sources */,
				10173FA4267311FA0000DAFB /* UIGroupEntity.swift in Sources */,
				10FAF126266A9099002640BE /* UIGenerator.swift in Sources */,
				10BE32F8267DC81700639C61 /* NotificationPresenter.swift in Sources */,
				10D131AC268B1E5000A286BF /* FormPresenter.swift in Sources */,
				10BE32E9267DB83600639C61 /* CategoryCollectionViewCell.swift in Sources */,
				1062B11F267B99DF004C9858 /* DashboardPresenter.swift in Sources */,
				10173FAD26731D550000DAFB /* CustomUserDefaults.swift in Sources */,
				10D61EF2268A2ACA00F336B9 /* SettingViewController.swift in Sources */,
				10D61F03268A326100F336B9 /* FormTableViewCell.swift in Sources */,
				1062B123267BADF8004C9858 /* PhoneRegisterApplicatorUseCase.swift in Sources */,
				10FAC8EB2672740100538D6C /* CoverageViewController.swift in Sources */,
				1019E2CB26888C1B00EB5DF9 /* ContentApiClient.swift in Sources */,
				1062B11A267B9888004C9858 /* BannerCollectionViewCell.swift in Sources */,
				10D61EF5268A2E7E00F336B9 /* SingleInputFieldWithTitleView.swift in Sources */,
				10FB8E6D265FEAC8001D0E64 /* MitraRuma.xcdatamodeld in Sources */,
				1027DD632688CFAC00E70798 /* LoginByGoogleUseCase.swift in Sources */,
				1062B127267BB2CA004C9858 /* ParamsOTPEntity.swift in Sources */,
				10173FAB26731CD10000DAFB /* RawResponse.swift in Sources */,
				10FB8E67265FEAC8001D0E64 /* ViewController.swift in Sources */,
				10FAC8F02672759100538D6C /* SearchTableViewCell.swift in Sources */,
				103AF92D266D33D6009C561B /* SingleInputFieldView.swift in Sources */,
				10D61EFF268A320900F336B9 /* UIFormBuilderEntity.swift in Sources */,
				10BE32EE267DC46A00639C61 /* NotificationViewController.swift in Sources */,
				10D61EEE268A23C600F336B9 /* UIUserEntity.swift in Sources */,
				1019E2D326888FBB00EB5DF9 /* GetCoverageUseCase.swift in Sources */,
				10BFE158268B780A00E92B41 /* ParamsUpdateProfileEmailEntity.swift in Sources */,
				10A56AD6266E35F40019516A /* DashboardViewController.swift in Sources */,
				10BE32F3267DC58100639C61 /* NotificationTableViewCell.swift in Sources */,
				10FAC8D4267261FE00538D6C /* SelectSkillViewController.swift in Sources */,
				101A345F2677AF9F00C396C0 /* BaseUseCase.swift in Sources */,
				10173FB626731F890000DAFB /* RemoteErrorEntity.swift in Sources */,
				10D131BA268B27D600A286BF /* UpdateAddressUseCase.swift in Sources */,
				103AF926266D2128009C561B /* TapGestureRecognizer.swift in Sources */,
				101A34592677AE6100C396C0 /* ParamsLoginEntity.swift in Sources */,
				10FB8E63265FEAC8001D0E64 /* AppDelegate.swift in Sources */,
				1019E2CD26888D2300EB5DF9 /* RemoteSelectionEntity.swift in Sources */,
				10FAC8E22672672300538D6C /* SelectSkillPresenter.swift in Sources */,
				10173FA926731C9C0000DAFB /* RequestCaller.swift in Sources */,
				101A34612677AFFE00C396C0 /* PhoneLoginUseCase.swift in Sources */,
				10FAF122266A8EE4002640BE /* SliderContentCollectionViewCell.swift in Sources */,
				10173FB826731FD80000DAFB /* RemoteUserEntity.swift in Sources */,
				10173FB426731F780000DAFB /* CustomRemoteEntity.swift in Sources */,
				10FAC8E0267265D300538D6C /* UIPickerEntity.swift in Sources */,
				1019E2D126888DE600EB5DF9 /* GetSkillSetUseCase.swift in Sources */,
				10FB8E65265FEAC8001D0E64 /* SceneDelegate.swift in Sources */,
				10D131B6268B277000A286BF /* GetAddressUseCase.swift in Sources */,
				10BE32FD267DCB1100639C61 /* TransactionViewController.swift in Sources */,
				103AF920266D2071009C561B /* InputFieldView.swift in Sources */,
				10173FA726731C7C0000DAFB /* ApiClient.swift in Sources */,
				10BFE156268B77FF00E92B41 /* ParamsUpdateProfileNameEntity.swift in Sources */,
				10173FB126731ECB0000DAFB /* UserApiClient.swift in Sources */,
				10D61EEC268A205200F336B9 /* RemoteOTPEntity.swift in Sources */,
				103AF924266D20FE009C561B /* UIExtension.swift in Sources */,
				1019E2CF26888D7E00EB5DF9 /* RemoteGroupEntity.swift in Sources */,
				10D131AE268B1F1C00A286BF /* ParamsUpdateProfilePhoneNumberEntity.swift in Sources */,
				10D131B0268B20E800A286BF /* UpdateProfileUseCase.swift in Sources */,
				101A345B2677AF3200C396C0 /* LoginPresenter.swift in Sources */,
				10F3B7FB2677B33300FA7601 /* PhoneRegisterUseCase.swift in Sources */,
				10FAC8DD267264ED00538D6C /* TitleTableViewCell.swift in Sources */,
				1062B11D267B98E3004C9858 /* RemoteBannerEntity.swift in Sources */,
				10FAF116266A8AD0002640BE /* OnBoardingViewController.swift in Sources */,
			);
			runOnlyForDeploymentPostprocessing = 0;
		};
/* End PBXSourcesBuildPhase section */

/* Begin PBXVariantGroup section */
		10FB8E70265FEAC9001D0E64 /* LaunchScreen.storyboard */ = {
			isa = PBXVariantGroup;
			children = (
				10FB8E71265FEAC9001D0E64 /* Base */,
			);
			name = LaunchScreen.storyboard;
			sourceTree = "<group>";
		};
/* End PBXVariantGroup section */

/* Begin XCBuildConfiguration section */
		10FB8E74265FEAC9001D0E64 /* Debug */ = {
			isa = XCBuildConfiguration;
			buildSettings = {
				ALWAYS_SEARCH_USER_PATHS = NO;
				CLANG_ANALYZER_NONNULL = YES;
				CLANG_ANALYZER_NUMBER_OBJECT_CONVERSION = YES_AGGRESSIVE;
				CLANG_CXX_LANGUAGE_STANDARD = "gnu++14";
				CLANG_CXX_LIBRARY = "libc++";
				CLANG_ENABLE_MODULES = YES;
				CLANG_ENABLE_OBJC_ARC = YES;
				CLANG_ENABLE_OBJC_WEAK = YES;
				CLANG_WARN_BLOCK_CAPTURE_AUTORELEASING = YES;
				CLANG_WARN_BOOL_CONVERSION = YES;
				CLANG_WARN_COMMA = YES;
				CLANG_WARN_CONSTANT_CONVERSION = YES;
				CLANG_WARN_DEPRECATED_OBJC_IMPLEMENTATIONS = YES;
				CLANG_WARN_DIRECT_OBJC_ISA_USAGE = YES_ERROR;
				CLANG_WARN_DOCUMENTATION_COMMENTS = YES;
				CLANG_WARN_EMPTY_BODY = YES;
				CLANG_WARN_ENUM_CONVERSION = YES;
				CLANG_WARN_INFINITE_RECURSION = YES;
				CLANG_WARN_INT_CONVERSION = YES;
				CLANG_WARN_NON_LITERAL_NULL_CONVERSION = YES;
				CLANG_WARN_OBJC_IMPLICIT_RETAIN_SELF = YES;
				CLANG_WARN_OBJC_LITERAL_CONVERSION = YES;
				CLANG_WARN_OBJC_ROOT_CLASS = YES_ERROR;
				CLANG_WARN_QUOTED_INCLUDE_IN_FRAMEWORK_HEADER = YES;
				CLANG_WARN_RANGE_LOOP_ANALYSIS = YES;
				CLANG_WARN_STRICT_PROTOTYPES = YES;
				CLANG_WARN_SUSPICIOUS_MOVE = YES;
				CLANG_WARN_UNGUARDED_AVAILABILITY = YES_AGGRESSIVE;
				CLANG_WARN_UNREACHABLE_CODE = YES;
				CLANG_WARN__DUPLICATE_METHOD_MATCH = YES;
				COPY_PHASE_STRIP = NO;
				DEBUG_INFORMATION_FORMAT = dwarf;
				ENABLE_STRICT_OBJC_MSGSEND = YES;
				ENABLE_TESTABILITY = YES;
				GCC_C_LANGUAGE_STANDARD = gnu11;
				GCC_DYNAMIC_NO_PIC = NO;
				GCC_NO_COMMON_BLOCKS = YES;
				GCC_OPTIMIZATION_LEVEL = 0;
				GCC_PREPROCESSOR_DEFINITIONS = (
					"DEBUG=1",
					"$(inherited)",
				);
				GCC_WARN_64_TO_32_BIT_CONVERSION = YES;
				GCC_WARN_ABOUT_RETURN_TYPE = YES_ERROR;
				GCC_WARN_UNDECLARED_SELECTOR = YES;
				GCC_WARN_UNINITIALIZED_AUTOS = YES_AGGRESSIVE;
				GCC_WARN_UNUSED_FUNCTION = YES;
				GCC_WARN_UNUSED_VARIABLE = YES;
				IPHONEOS_DEPLOYMENT_TARGET = 14.5;
				MTL_ENABLE_DEBUG_INFO = INCLUDE_SOURCE;
				MTL_FAST_MATH = YES;
				ONLY_ACTIVE_ARCH = YES;
				SDKROOT = iphoneos;
				SWIFT_ACTIVE_COMPILATION_CONDITIONS = DEBUG;
				SWIFT_OPTIMIZATION_LEVEL = "-Onone";
			};
			name = Debug;
		};
		10FB8E75265FEAC9001D0E64 /* Release */ = {
			isa = XCBuildConfiguration;
			buildSettings = {
				ALWAYS_SEARCH_USER_PATHS = NO;
				CLANG_ANALYZER_NONNULL = YES;
				CLANG_ANALYZER_NUMBER_OBJECT_CONVERSION = YES_AGGRESSIVE;
				CLANG_CXX_LANGUAGE_STANDARD = "gnu++14";
				CLANG_CXX_LIBRARY = "libc++";
				CLANG_ENABLE_MODULES = YES;
				CLANG_ENABLE_OBJC_ARC = YES;
				CLANG_ENABLE_OBJC_WEAK = YES;
				CLANG_WARN_BLOCK_CAPTURE_AUTORELEASING = YES;
				CLANG_WARN_BOOL_CONVERSION = YES;
				CLANG_WARN_COMMA = YES;
				CLANG_WARN_CONSTANT_CONVERSION = YES;
				CLANG_WARN_DEPRECATED_OBJC_IMPLEMENTATIONS = YES;
				CLANG_WARN_DIRECT_OBJC_ISA_USAGE = YES_ERROR;
				CLANG_WARN_DOCUMENTATION_COMMENTS = YES;
				CLANG_WARN_EMPTY_BODY = YES;
				CLANG_WARN_ENUM_CONVERSION = YES;
				CLANG_WARN_INFINITE_RECURSION = YES;
				CLANG_WARN_INT_CONVERSION = YES;
				CLANG_WARN_NON_LITERAL_NULL_CONVERSION = YES;
				CLANG_WARN_OBJC_IMPLICIT_RETAIN_SELF = YES;
				CLANG_WARN_OBJC_LITERAL_CONVERSION = YES;
				CLANG_WARN_OBJC_ROOT_CLASS = YES_ERROR;
				CLANG_WARN_QUOTED_INCLUDE_IN_FRAMEWORK_HEADER = YES;
				CLANG_WARN_RANGE_LOOP_ANALYSIS = YES;
				CLANG_WARN_STRICT_PROTOTYPES = YES;
				CLANG_WARN_SUSPICIOUS_MOVE = YES;
				CLANG_WARN_UNGUARDED_AVAILABILITY = YES_AGGRESSIVE;
				CLANG_WARN_UNREACHABLE_CODE = YES;
				CLANG_WARN__DUPLICATE_METHOD_MATCH = YES;
				COPY_PHASE_STRIP = NO;
				DEBUG_INFORMATION_FORMAT = "dwarf-with-dsym";
				ENABLE_NS_ASSERTIONS = NO;
				ENABLE_STRICT_OBJC_MSGSEND = YES;
				GCC_C_LANGUAGE_STANDARD = gnu11;
				GCC_NO_COMMON_BLOCKS = YES;
				GCC_WARN_64_TO_32_BIT_CONVERSION = YES;
				GCC_WARN_ABOUT_RETURN_TYPE = YES_ERROR;
				GCC_WARN_UNDECLARED_SELECTOR = YES;
				GCC_WARN_UNINITIALIZED_AUTOS = YES_AGGRESSIVE;
				GCC_WARN_UNUSED_FUNCTION = YES;
				GCC_WARN_UNUSED_VARIABLE = YES;
				IPHONEOS_DEPLOYMENT_TARGET = 14.5;
				MTL_ENABLE_DEBUG_INFO = NO;
				MTL_FAST_MATH = YES;
				SDKROOT = iphoneos;
				SWIFT_COMPILATION_MODE = wholemodule;
				SWIFT_OPTIMIZATION_LEVEL = "-O";
				VALIDATE_PRODUCT = YES;
			};
			name = Release;
		};
		10FB8E77265FEAC9001D0E64 /* Debug */ = {
			isa = XCBuildConfiguration;
			baseConfigurationReference = EACE7840FC85CD7C7558920D /* Pods-MitraRuma.debug.xcconfig */;
			buildSettings = {
				ASSETCATALOG_COMPILER_APPICON_NAME = AppIcon;
				ASSETCATALOG_COMPILER_GLOBAL_ACCENT_COLOR_NAME = AccentColor;
				CODE_SIGN_STYLE = Automatic;
				INFOPLIST_FILE = MitraRuma/Info.plist;
				LD_RUNPATH_SEARCH_PATHS = (
					"$(inherited)",
					"@executable_path/Frameworks",
				);
				PRODUCT_BUNDLE_IDENTIFIER = id.mitra.MitraRuma;
				PRODUCT_NAME = "$(TARGET_NAME)";
				SWIFT_VERSION = 5.0;
				TARGETED_DEVICE_FAMILY = 1;
			};
			name = Debug;
		};
		10FB8E78265FEAC9001D0E64 /* Release */ = {
			isa = XCBuildConfiguration;
			baseConfigurationReference = 6806E69678042BD95BDE0942 /* Pods-MitraRuma.release.xcconfig */;
			buildSettings = {
				ASSETCATALOG_COMPILER_APPICON_NAME = AppIcon;
				ASSETCATALOG_COMPILER_GLOBAL_ACCENT_COLOR_NAME = AccentColor;
				CODE_SIGN_STYLE = Automatic;
				INFOPLIST_FILE = MitraRuma/Info.plist;
				LD_RUNPATH_SEARCH_PATHS = (
					"$(inherited)",
					"@executable_path/Frameworks",
				);
				PRODUCT_BUNDLE_IDENTIFIER = id.mitra.MitraRuma;
				PRODUCT_NAME = "$(TARGET_NAME)";
				SWIFT_VERSION = 5.0;
				TARGETED_DEVICE_FAMILY = 1;
			};
			name = Release;
		};
/* End XCBuildConfiguration section */

/* Begin XCConfigurationList section */
		10FB8E5A265FEAC8001D0E64 /* Build configuration list for PBXProject "MitraRuma" */ = {
			isa = XCConfigurationList;
			buildConfigurations = (
				10FB8E74265FEAC9001D0E64 /* Debug */,
				10FB8E75265FEAC9001D0E64 /* Release */,
			);
			defaultConfigurationIsVisible = 0;
			defaultConfigurationName = Release;
		};
		10FB8E76265FEAC9001D0E64 /* Build configuration list for PBXNativeTarget "MitraRuma" */ = {
			isa = XCConfigurationList;
			buildConfigurations = (
				10FB8E77265FEAC9001D0E64 /* Debug */,
				10FB8E78265FEAC9001D0E64 /* Release */,
			);
			defaultConfigurationIsVisible = 0;
			defaultConfigurationName = Release;
		};
/* End XCConfigurationList section */

/* Begin XCVersionGroup section */
		10FB8E6B265FEAC8001D0E64 /* MitraRuma.xcdatamodeld */ = {
			isa = XCVersionGroup;
			children = (
				10FB8E6C265FEAC8001D0E64 /* MitraRuma.xcdatamodel */,
			);
			currentVersion = 10FB8E6C265FEAC8001D0E64 /* MitraRuma.xcdatamodel */;
			path = MitraRuma.xcdatamodeld;
			sourceTree = "<group>";
			versionGroupType = wrapper.xcdatamodel;
		};
/* End XCVersionGroup section */
	};
	rootObject = 10FB8E57265FEAC8001D0E64 /* Project object */;
}
